PODS:
  - AlertToast (1.3.9)
  - KeychainAccess (4.2.2)

DEPENDENCIES:
  - AlertToast
  - KeychainAccess

SPEC REPOS:
  trunk:
    - AlertToast
    - KeychainAccess

SPEC CHECKSUMS:
  AlertToast: e8db15da727beff75500bcf33a78cd617f408fa1
  KeychainAccess: c0c4f7f38f6fc7bbe58f5702e25f7bd2f65abf51

PODFILE CHECKSUM: a997c4b4030cc21106ef93b48e051c3f583fd8a9

COCOAPODS: 1.12.1
