// !$*UTF8*$!
{
	archiveVersion = 1;
	classes = {
	};
	objectVersion = 56;
	objects = {

/* Begin PBXBuildFile section */
		D26E0EFE2A51DD4400F47D72 /* DatabasesList.swift in Sources */ = {isa = PBXBuildFile; fileRef = D26E0EFD2A51DD4400F47D72 /* DatabasesList.swift */; };
		D27CEDBA2A52D0580091B634 /* Database.swift in Sources */ = {isa = PBXBuildFile; fileRef = D27CEDB92A52D0580091B634 /* Database.swift */; };
		D27CEDBC2A52D1420091B634 /* Account.swift in Sources */ = {isa = PBXBuildFile; fileRef = D27CEDBB2A52D1420091B634 /* Account.swift */; };
		D27CEDC02A5324D10091B634 /* Fernet.swift in Sources */ = {isa = PBXBuildFile; fileRef = D27CEDBF2A5324D10091B634 /* Fernet.swift */; };
		D2AB93452A4BF464004334BB /* MyAccountsApp.swift in Sources */ = {isa = PBXBuildFile; fileRef = D2AB93442A4BF464004334BB /* MyAccountsApp.swift */; };
		D2AB93472A4BF464004334BB /* ContentView.swift in Sources */ = {isa = PBXBuildFile; fileRef = D2AB93462A4BF464004334BB /* ContentView.swift */; };
		D2AB93492A4BF465004334BB /* Assets.xcassets in Resources */ = {isa = PBXBuildFile; fileRef = D2AB93482A4BF465004334BB /* Assets.xcassets */; };
		D2AB934C2A4BF465004334BB /* Preview Assets.xcassets in Resources */ = {isa = PBXBuildFile; fileRef = D2AB934B2A4BF465004334BB /* Preview Assets.xcassets */; };
		D2AB93562A4BF465004334BB /* MyAccountsTests.swift in Sources */ = {isa = PBXBuildFile; fileRef = D2AB93552A4BF465004334BB /* MyAccountsTests.swift */; };
		D2AB93602A4BF465004334BB /* MyAccountsUITests.swift in Sources */ = {isa = PBXBuildFile; fileRef = D2AB935F2A4BF465004334BB /* MyAccountsUITests.swift */; };
		D2AB93622A4BF465004334BB /* MyAccountsUITestsLaunchTests.swift in Sources */ = {isa = PBXBuildFile; fileRef = D2AB93612A4BF465004334BB /* MyAccountsUITestsLaunchTests.swift */; };
/* End PBXBuildFile section */

/* Begin PBXContainerItemProxy section */
		D2AB93522A4BF465004334BB /* PBXContainerItemProxy */ = {
			isa = PBXContainerItemProxy;
			containerPortal = D2AB93392A4BF464004334BB /* Project object */;
			proxyType = 1;
			remoteGlobalIDString = D2AB93402A4BF464004334BB;
			remoteInfo = MyAccounts;
		};
		D2AB935C2A4BF465004334BB /* PBXContainerItemProxy */ = {
			isa = PBXContainerItemProxy;
			containerPortal = D2AB93392A4BF464004334BB /* Project object */;
			proxyType = 1;
			remoteGlobalIDString = D2AB93402A4BF464004334BB;
			remoteInfo = MyAccounts;
		};
/* End PBXContainerItemProxy section */

/* Begin PBXFileReference section */
		D26E0EFD2A51DD4400F47D72 /* DatabasesList.swift */ = {isa = PBXFileReference; lastKnownFileType = sourcecode.swift; path = DatabasesList.swift; sourceTree = "<group>"; };
		D27CEDB92A52D0580091B634 /* Database.swift */ = {isa = PBXFileReference; lastKnownFileType = sourcecode.swift; path = Database.swift; sourceTree = "<group>"; };
		D27CEDBB2A52D1420091B634 /* Account.swift */ = {isa = PBXFileReference; lastKnownFileType = sourcecode.swift; path = Account.swift; sourceTree = "<group>"; };
		D27CEDBE2A5311F60091B634 /* MyPlayground.playground */ = {isa = PBXFileReference; lastKnownFileType = file.playground; path = MyPlayground.playground; sourceTree = "<group>"; xcLanguageSpecificationIdentifier = xcode.lang.swift; };
		D27CEDBF2A5324D10091B634 /* Fernet.swift */ = {isa = PBXFileReference; lastKnownFileType = sourcecode.swift; path = Fernet.swift; sourceTree = "<group>"; };
		D2AB93412A4BF464004334BB /* MyAccounts.app */ = {isa = PBXFileReference; explicitFileType = wrapper.application; includeInIndex = 0; path = MyAccounts.app; sourceTree = BUILT_PRODUCTS_DIR; };
		D2AB93442A4BF464004334BB /* MyAccountsApp.swift */ = {isa = PBXFileReference; lastKnownFileType = sourcecode.swift; path = MyAccountsApp.swift; sourceTree = "<group>"; };
		D2AB93462A4BF464004334BB /* ContentView.swift */ = {isa = PBXFileReference; lastKnownFileType = sourcecode.swift; path = ContentView.swift; sourceTree = "<group>"; };
		D2AB93482A4BF465004334BB /* Assets.xcassets */ = {isa = PBXFileReference; lastKnownFileType = folder.assetcatalog; path = Assets.xcassets; sourceTree = "<group>"; };
		D2AB934B2A4BF465004334BB /* Preview Assets.xcassets */ = {isa = PBXFileReference; lastKnownFileType = folder.assetcatalog; path = "Preview Assets.xcassets"; sourceTree = "<group>"; };
		D2AB93512A4BF465004334BB /* MyAccountsTests.xctest */ = {isa = PBXFileReference; explicitFileType = wrapper.cfbundle; includeInIndex = 0; path = MyAccountsTests.xctest; sourceTree = BUILT_PRODUCTS_DIR; };
		D2AB93552A4BF465004334BB /* MyAccountsTests.swift */ = {isa = PBXFileReference; lastKnownFileType = sourcecode.swift; path = MyAccountsTests.swift; sourceTree = "<group>"; };
		D2AB935B2A4BF465004334BB /* MyAccountsUITests.xctest */ = {isa = PBXFileReference; explicitFileType = wrapper.cfbundle; includeInIndex = 0; path = MyAccountsUITests.xctest; sourceTree = BUILT_PRODUCTS_DIR; };
		D2AB935F2A4BF465004334BB /* MyAccountsUITests.swift */ = {isa = PBXFileReference; lastKnownFileType = sourcecode.swift; path = MyAccountsUITests.swift; sourceTree = "<group>"; };
		D2AB93612A4BF465004334BB /* MyAccountsUITestsLaunchTests.swift */ = {isa = PBXFileReference; lastKnownFileType = sourcecode.swift; path = MyAccountsUITestsLaunchTests.swift; sourceTree = "<group>"; };
/* End PBXFileReference section */

/* Begin PBXFrameworksBuildPhase section */
		D2AB933E2A4BF464004334BB /* Frameworks */ = {
			isa = PBXFrameworksBuildPhase;
			buildActionMask = 2147483647;
			files = (
			);
			runOnlyForDeploymentPostprocessing = 0;
		};
		D2AB934E2A4BF465004334BB /* Frameworks */ = {
			isa = PBXFrameworksBuildPhase;
			buildActionMask = 2147483647;
			files = (
			);
			runOnlyForDeploymentPostprocessing = 0;
		};
		D2AB93582A4BF465004334BB /* Frameworks */ = {
			isa = PBXFrameworksBuildPhase;
			buildActionMask = 2147483647;
			files = (
			);
			runOnlyForDeploymentPostprocessing = 0;
		};
/* End PBXFrameworksBuildPhase section */

/* Begin PBXGroup section */
		D26E0EFA2A51DC3700F47D72 /* Database */ = {
			isa = PBXGroup;
			children = (
				D26E0EFC2A51DCD200F47D72 /* DatabasesList */,
				D27CEDB92A52D0580091B634 /* Database.swift */,
				D27CEDBF2A5324D10091B634 /* Fernet.swift */,
			);
			path = Database;
			sourceTree = "<group>";
		};
		D26E0EFB2A51DC6F00F47D72 /* Account */ = {
			isa = PBXGroup;
			children = (
				D27CEDBB2A52D1420091B634 /* Account.swift */,
			);
			path = Account;
			sourceTree = "<group>";
		};
		D26E0EFC2A51DCD200F47D72 /* DatabasesList */ = {
			isa = PBXGroup;
			children = (
				D26E0EFD2A51DD4400F47D72 /* DatabasesList.swift */,
			);
			path = DatabasesList;
			sourceTree = "<group>";
		};
		D2AB93382A4BF464004334BB = {
			isa = PBXGroup;
			children = (
				D27CEDBE2A5311F60091B634 /* MyPlayground.playground */,
				D2AB93432A4BF464004334BB /* MyAccounts */,
				D2AB93542A4BF465004334BB /* MyAccountsTests */,
				D2AB935E2A4BF465004334BB /* MyAccountsUITests */,
				D2AB93422A4BF464004334BB /* Products */,
			);
			sourceTree = "<group>";
		};
		D2AB93422A4BF464004334BB /* Products */ = {
			isa = PBXGroup;
			children = (
				D2AB93412A4BF464004334BB /* MyAccounts.app */,
				D2AB93512A4BF465004334BB /* MyAccountsTests.xctest */,
				D2AB935B2A4BF465004334BB /* MyAccountsUITests.xctest */,
			);
			name = Products;
			sourceTree = "<group>";
		};
		D2AB93432A4BF464004334BB /* MyAccounts */ = {
			isa = PBXGroup;
			children = (
				D26E0EFA2A51DC3700F47D72 /* Database */,
				D26E0EFB2A51DC6F00F47D72 /* Account */,
				D2AB93442A4BF464004334BB /* MyAccountsApp.swift */,
				D2AB93462A4BF464004334BB /* ContentView.swift */,
				D2AB93482A4BF465004334BB /* Assets.xcassets */,
				D2AB934A2A4BF465004334BB /* Preview Content */,
			);
			path = MyAccounts;
			sourceTree = "<group>";
		};
		D2AB934A2A4BF465004334BB /* Preview Content */ = {
			isa = PBXGroup;
			children = (
				D2AB934B2A4BF465004334BB /* Preview Assets.xcassets */,
			);
			path = "Preview Content";
			sourceTree = "<group>";
		};
		D2AB93542A4BF465004334BB /* MyAccountsTests */ = {
			isa = PBXGroup;
			children = (
				D2AB93552A4BF465004334BB /* MyAccountsTests.swift */,
			);
			path = MyAccountsTests;
			sourceTree = "<group>";
		};
		D2AB935E2A4BF465004334BB /* MyAccountsUITests */ = {
			isa = PBXGroup;
			children = (
				D2AB935F2A4BF465004334BB /* MyAccountsUITests.swift */,
				D2AB93612A4BF465004334BB /* MyAccountsUITestsLaunchTests.swift */,
			);
			path = MyAccountsUITests;
			sourceTree = "<group>";
		};
/* End PBXGroup section */

/* Begin PBXNativeTarget section */
		D2AB93402A4BF464004334BB /* MyAccounts */ = {
			isa = PBXNativeTarget;
			buildConfigurationList = D2AB93652A4BF465004334BB /* Build configuration list for PBXNativeTarget "MyAccounts" */;
			buildPhases = (
				D2AB933D2A4BF464004334BB /* Sources */,
				D2AB933E2A4BF464004334BB /* Frameworks */,
				D2AB933F2A4BF464004334BB /* Resources */,
				D22C5BFE2A4C5F9800D95DF9 /* ShellScript */,
			);
			buildRules = (
			);
			dependencies = (
			);
			name = MyAccounts;
			productName = MyAccounts;
			productReference = D2AB93412A4BF464004334BB /* MyAccounts.app */;
			productType = "com.apple.product-type.application";
		};
		D2AB93502A4BF465004334BB /* MyAccountsTests */ = {
			isa = PBXNativeTarget;
			buildConfigurationList = D2AB93682A4BF465004334BB /* Build configuration list for PBXNativeTarget "MyAccountsTests" */;
			buildPhases = (
				D2AB934D2A4BF465004334BB /* Sources */,
				D2AB934E2A4BF465004334BB /* Frameworks */,
				D2AB934F2A4BF465004334BB /* Resources */,
			);
			buildRules = (
			);
			dependencies = (
				D2AB93532A4BF465004334BB /* PBXTargetDependency */,
			);
			name = MyAccountsTests;
			productName = MyAccountsTests;
			productReference = D2AB93512A4BF465004334BB /* MyAccountsTests.xctest */;
			productType = "com.apple.product-type.bundle.unit-test";
		};
		D2AB935A2A4BF465004334BB /* MyAccountsUITests */ = {
			isa = PBXNativeTarget;
			buildConfigurationList = D2AB936B2A4BF465004334BB /* Build configuration list for PBXNativeTarget "MyAccountsUITests" */;
			buildPhases = (
				D2AB93572A4BF465004334BB /* Sources */,
				D2AB93582A4BF465004334BB /* Frameworks */,
				D2AB93592A4BF465004334BB /* Resources */,
			);
			buildRules = (
			);
			dependencies = (
				D2AB935D2A4BF465004334BB /* PBXTargetDependency */,
			);
			name = MyAccountsUITests;
			productName = MyAccountsUITests;
			productReference = D2AB935B2A4BF465004334BB /* MyAccountsUITests.xctest */;
			productType = "com.apple.product-type.bundle.ui-testing";
		};
/* End PBXNativeTarget section */

/* Begin PBXProject section */
		D2AB93392A4BF464004334BB /* Project object */ = {
			isa = PBXProject;
			attributes = {
				BuildIndependentTargetsInParallel = 1;
				LastSwiftUpdateCheck = 1430;
				LastUpgradeCheck = 1430;
				TargetAttributes = {
					D2AB93402A4BF464004334BB = {
						CreatedOnToolsVersion = 14.3.1;
					};
					D2AB93502A4BF465004334BB = {
						CreatedOnToolsVersion = 14.3.1;
						TestTargetID = D2AB93402A4BF464004334BB;
					};
					D2AB935A2A4BF465004334BB = {
						CreatedOnToolsVersion = 14.3.1;
						TestTargetID = D2AB93402A4BF464004334BB;
					};
				};
			};
			buildConfigurationList = D2AB933C2A4BF464004334BB /* Build configuration list for PBXProject "MyAccounts" */;
			compatibilityVersion = "Xcode 14.0";
			developmentRegion = en;
			hasScannedForEncodings = 0;
			knownRegions = (
				en,
				Base,
			);
			mainGroup = D2AB93382A4BF464004334BB;
			productRefGroup = D2AB93422A4BF464004334BB /* Products */;
			projectDirPath = "";
			projectRoot = "";
			targets = (
				D2AB93402A4BF464004334BB /* MyAccounts */,
				D2AB93502A4BF465004334BB /* MyAccountsTests */,
				D2AB935A2A4BF465004334BB /* MyAccountsUITests */,
			);
		};
/* End PBXProject section */

/* Begin PBXResourcesBuildPhase section */
		D2AB933F2A4BF464004334BB /* Resources */ = {
			isa = PBXResourcesBuildPhase;
			buildActionMask = 2147483647;
			files = (
				D2AB934C2A4BF465004334BB /* Preview Assets.xcassets in Resources */,
				D2AB93492A4BF465004334BB /* Assets.xcassets in Resources */,
			);
			runOnlyForDeploymentPostprocessing = 0;
		};
		D2AB934F2A4BF465004334BB /* Resources */ = {
			isa = PBXResourcesBuildPhase;
			buildActionMask = 2147483647;
			files = (
			);
			runOnlyForDeploymentPostprocessing = 0;
		};
		D2AB93592A4BF465004334BB /* Resources */ = {
			isa = PBXResourcesBuildPhase;
			buildActionMask = 2147483647;
			files = (
			);
			runOnlyForDeploymentPostprocessing = 0;
		};
/* End PBXResourcesBuildPhase section */

/* Begin PBXShellScriptBuildPhase section */
		D22C5BFE2A4C5F9800D95DF9 /* ShellScript */ = {
			isa = PBXShellScriptBuildPhase;
			alwaysOutOfDate = 1;
			buildActionMask = 2147483647;
			files = (
			);
			inputFileListPaths = (
			);
			inputPaths = (
			);
			outputFileListPaths = (
			);
			outputPaths = (
			);
			runOnlyForDeploymentPostprocessing = 0;
			shellPath = /bin/sh;
			shellScript = "if [[ \"$(uname -m)\" == arm64 ]]; then\n    export PATH=\"/opt/homebrew/bin:$PATH\"\nfi\n\nif which swiftlint >/dev/null; then\n    swiftlint --fix && swiftlint\nelse\n    echo \"warning: SwiftLint is not installed.\"\n    exit 1\nfi\n";
		};
/* End PBXShellScriptBuildPhase section */

/* Begin PBXSourcesBuildPhase section */
		D2AB933D2A4BF464004334BB /* Sources */ = {
			isa = PBXSourcesBuildPhase;
			buildActionMask = 2147483647;
			files = (
				D27CEDBC2A52D1420091B634 /* Account.swift in Sources */,
				D2AB93472A4BF464004334BB /* ContentView.swift in Sources */,
				D2AB93452A4BF464004334BB /* MyAccountsApp.swift in Sources */,
				D27CEDC02A5324D10091B634 /* Fernet.swift in Sources */,
				D27CEDBA2A52D0580091B634 /* Database.swift in Sources */,
				D26E0EFE2A51DD4400F47D72 /* DatabasesList.swift in Sources */,
			);
			runOnlyForDeploymentPostprocessing = 0;
		};
		D2AB934D2A4BF465004334BB /* Sources */ = {
			isa = PBXSourcesBuildPhase;
			buildActionMask = 2147483647;
			files = (
				D2AB93562A4BF465004334BB /* MyAccountsTests.swift in Sources */,
			);
			runOnlyForDeploymentPostprocessing = 0;
		};
		D2AB93572A4BF465004334BB /* Sources */ = {
			isa = PBXSourcesBuildPhase;
			buildActionMask = 2147483647;
			files = (
				D2AB93622A4BF465004334BB /* MyAccountsUITestsLaunchTests.swift in Sources */,
				D2AB93602A4BF465004334BB /* MyAccountsUITests.swift in Sources */,
			);
			runOnlyForDeploymentPostprocessing = 0;
		};
/* End PBXSourcesBuildPhase section */

/* Begin PBXTargetDependency section */
		D2AB93532A4BF465004334BB /* PBXTargetDependency */ = {
			isa = PBXTargetDependency;
			target = D2AB93402A4BF464004334BB /* MyAccounts */;
			targetProxy = D2AB93522A4BF465004334BB /* PBXContainerItemProxy */;
		};
		D2AB935D2A4BF465004334BB /* PBXTargetDependency */ = {
			isa = PBXTargetDependency;
			target = D2AB93402A4BF464004334BB /* MyAccounts */;
			targetProxy = D2AB935C2A4BF465004334BB /* PBXContainerItemProxy */;
		};
/* End PBXTargetDependency section */

/* Begin XCBuildConfiguration section */
		D2AB93632A4BF465004334BB /* Debug */ = {
			isa = XCBuildConfiguration;
			buildSettings = {
				ALWAYS_SEARCH_USER_PATHS = NO;
				CLANG_ANALYZER_NONNULL = YES;
				CLANG_ANALYZER_NUMBER_OBJECT_CONVERSION = YES_AGGRESSIVE;
				CLANG_CXX_LANGUAGE_STANDARD = "gnu++20";
				CLANG_ENABLE_MODULES = YES;
				CLANG_ENABLE_OBJC_ARC = YES;
				CLANG_ENABLE_OBJC_WEAK = YES;
				CLANG_WARN_BLOCK_CAPTURE_AUTORELEASING = YES;
				CLANG_WARN_BOOL_CONVERSION = YES;
				CLANG_WARN_COMMA = YES;
				CLANG_WARN_CONSTANT_CONVERSION = YES;
				CLANG_WARN_DEPRECATED_OBJC_IMPLEMENTATIONS = YES;
				CLANG_WARN_DIRECT_OBJC_ISA_USAGE = YES_ERROR;
				CLANG_WARN_DOCUMENTATION_COMMENTS = YES;
				CLANG_WARN_EMPTY_BODY = YES;
				CLANG_WARN_ENUM_CONVERSION = YES;
				CLANG_WARN_INFINITE_RECURSION = YES;
				CLANG_WARN_INT_CONVERSION = YES;
				CLANG_WARN_NON_LITERAL_NULL_CONVERSION = YES;
				CLANG_WARN_OBJC_IMPLICIT_RETAIN_SELF = YES;
				CLANG_WARN_OBJC_LITERAL_CONVERSION = YES;
				CLANG_WARN_OBJC_ROOT_CLASS = YES_ERROR;
				CLANG_WARN_QUOTED_INCLUDE_IN_FRAMEWORK_HEADER = YES;
				CLANG_WARN_RANGE_LOOP_ANALYSIS = YES;
				CLANG_WARN_STRICT_PROTOTYPES = YES;
				CLANG_WARN_SUSPICIOUS_MOVE = YES;
				CLANG_WARN_UNGUARDED_AVAILABILITY = YES_AGGRESSIVE;
				CLANG_WARN_UNREACHABLE_CODE = YES;
				CLANG_WARN__DUPLICATE_METHOD_MATCH = YES;
				COPY_PHASE_STRIP = NO;
				DEBUG_INFORMATION_FORMAT = dwarf;
				ENABLE_STRICT_OBJC_MSGSEND = YES;
				ENABLE_TESTABILITY = YES;
				GCC_C_LANGUAGE_STANDARD = gnu11;
				GCC_DYNAMIC_NO_PIC = NO;
				GCC_NO_COMMON_BLOCKS = YES;
				GCC_OPTIMIZATION_LEVEL = 0;
				GCC_PREPROCESSOR_DEFINITIONS = (
					"DEBUG=1",
					"$(inherited)",
				);
				GCC_WARN_64_TO_32_BIT_CONVERSION = YES;
				GCC_WARN_ABOUT_RETURN_TYPE = YES_ERROR;
				GCC_WARN_UNDECLARED_SELECTOR = YES;
				GCC_WARN_UNINITIALIZED_AUTOS = YES_AGGRESSIVE;
				GCC_WARN_UNUSED_FUNCTION = YES;
				GCC_WARN_UNUSED_VARIABLE = YES;
				IPHONEOS_DEPLOYMENT_TARGET = 16.4;
				MTL_ENABLE_DEBUG_INFO = INCLUDE_SOURCE;
				MTL_FAST_MATH = YES;
				ONLY_ACTIVE_ARCH = YES;
				SDKROOT = iphoneos;
				SWIFT_ACTIVE_COMPILATION_CONDITIONS = DEBUG;
				SWIFT_OPTIMIZATION_LEVEL = "-Onone";
			};
			name = Debug;
		};
		D2AB93642A4BF465004334BB /* Release */ = {
			isa = XCBuildConfiguration;
			buildSettings = {
				ALWAYS_SEARCH_USER_PATHS = NO;
				CLANG_ANALYZER_NONNULL = YES;
				CLANG_ANALYZER_NUMBER_OBJECT_CONVERSION = YES_AGGRESSIVE;
				CLANG_CXX_LANGUAGE_STANDARD = "gnu++20";
				CLANG_ENABLE_MODULES = YES;
				CLANG_ENABLE_OBJC_ARC = YES;
				CLANG_ENABLE_OBJC_WEAK = YES;
				CLANG_WARN_BLOCK_CAPTURE_AUTORELEASING = YES;
				CLANG_WARN_BOOL_CONVERSION = YES;
				CLANG_WARN_COMMA = YES;
				CLANG_WARN_CONSTANT_CONVERSION = YES;
				CLANG_WARN_DEPRECATED_OBJC_IMPLEMENTATIONS = YES;
				CLANG_WARN_DIRECT_OBJC_ISA_USAGE = YES_ERROR;
				CLANG_WARN_DOCUMENTATION_COMMENTS = YES;
				CLANG_WARN_EMPTY_BODY = YES;
				CLANG_WARN_ENUM_CONVERSION = YES;
				CLANG_WARN_INFINITE_RECURSION = YES;
				CLANG_WARN_INT_CONVERSION = YES;
				CLANG_WARN_NON_LITERAL_NULL_CONVERSION = YES;
				CLANG_WARN_OBJC_IMPLICIT_RETAIN_SELF = YES;
				CLANG_WARN_OBJC_LITERAL_CONVERSION = YES;
				CLANG_WARN_OBJC_ROOT_CLASS = YES_ERROR;
				CLANG_WARN_QUOTED_INCLUDE_IN_FRAMEWORK_HEADER = YES;
				CLANG_WARN_RANGE_LOOP_ANALYSIS = YES;
				CLANG_WARN_STRICT_PROTOTYPES = YES;
				CLANG_WARN_SUSPICIOUS_MOVE = YES;
				CLANG_WARN_UNGUARDED_AVAILABILITY = YES_AGGRESSIVE;
				CLANG_WARN_UNREACHABLE_CODE = YES;
				CLANG_WARN__DUPLICATE_METHOD_MATCH = YES;
				COPY_PHASE_STRIP = NO;
				DEBUG_INFORMATION_FORMAT = "dwarf-with-dsym";
				ENABLE_NS_ASSERTIONS = NO;
				ENABLE_STRICT_OBJC_MSGSEND = YES;
				GCC_C_LANGUAGE_STANDARD = gnu11;
				GCC_NO_COMMON_BLOCKS = YES;
				GCC_WARN_64_TO_32_BIT_CONVERSION = YES;
				GCC_WARN_ABOUT_RETURN_TYPE = YES_ERROR;
				GCC_WARN_UNDECLARED_SELECTOR = YES;
				GCC_WARN_UNINITIALIZED_AUTOS = YES_AGGRESSIVE;
				GCC_WARN_UNUSED_FUNCTION = YES;
				GCC_WARN_UNUSED_VARIABLE = YES;
				IPHONEOS_DEPLOYMENT_TARGET = 16.4;
				MTL_ENABLE_DEBUG_INFO = NO;
				MTL_FAST_MATH = YES;
				SDKROOT = iphoneos;
				SWIFT_COMPILATION_MODE = wholemodule;
				SWIFT_OPTIMIZATION_LEVEL = "-O";
				VALIDATE_PRODUCT = YES;
			};
			name = Release;
		};
		D2AB93662A4BF465004334BB /* Debug */ = {
			isa = XCBuildConfiguration;
			buildSettings = {
				ASSETCATALOG_COMPILER_APPICON_NAME = AppIcon;
				ASSETCATALOG_COMPILER_GLOBAL_ACCENT_COLOR_NAME = AccentColor;
				CODE_SIGN_STYLE = Automatic;
				CURRENT_PROJECT_VERSION = 1;
				DEVELOPMENT_ASSET_PATHS = "\"MyAccounts/Preview Content\"";
				DEVELOPMENT_TEAM = URTVUTC478;
				ENABLE_PREVIEWS = YES;
				GENERATE_INFOPLIST_FILE = YES;
				INFOPLIST_KEY_UIApplicationSceneManifest_Generation = YES;
				INFOPLIST_KEY_UIApplicationSupportsIndirectInputEvents = YES;
				INFOPLIST_KEY_UILaunchScreen_Generation = YES;
				INFOPLIST_KEY_UISupportedInterfaceOrientations_iPad = "UIInterfaceOrientationPortrait UIInterfaceOrientationPortraitUpsideDown UIInterfaceOrientationLandscapeLeft UIInterfaceOrientationLandscapeRight";
				INFOPLIST_KEY_UISupportedInterfaceOrientations_iPhone = "UIInterfaceOrientationPortrait UIInterfaceOrientationLandscapeLeft UIInterfaceOrientationLandscapeRight";
				LD_RUNPATH_SEARCH_PATHS = (
					"$(inherited)",
					"@executable_path/Frameworks",
				);
				MARKETING_VERSION = 1.0;
				PRODUCT_BUNDLE_IDENTIFIER = com.acmpo6ou.myaccounts.MyAccounts;
				PRODUCT_NAME = "$(TARGET_NAME)";
				SWIFT_EMIT_LOC_STRINGS = YES;
				SWIFT_VERSION = 5.0;
				TARGETED_DEVICE_FAMILY = "1,2";
			};
			name = Debug;
		};
		D2AB93672A4BF465004334BB /* Release */ = {
			isa = XCBuildConfiguration;
			buildSettings = {
				ASSETCATALOG_COMPILER_APPICON_NAME = AppIcon;
				ASSETCATALOG_COMPILER_GLOBAL_ACCENT_COLOR_NAME = AccentColor;
				CODE_SIGN_STYLE = Automatic;
				CURRENT_PROJECT_VERSION = 1;
				DEVELOPMENT_ASSET_PATHS = "\"MyAccounts/Preview Content\"";
				DEVELOPMENT_TEAM = URTVUTC478;
				ENABLE_PREVIEWS = YES;
				GENERATE_INFOPLIST_FILE = YES;
				INFOPLIST_KEY_UIApplicationSceneManifest_Generation = YES;
				INFOPLIST_KEY_UIApplicationSupportsIndirectInputEvents = YES;
				INFOPLIST_KEY_UILaunchScreen_Generation = YES;
				INFOPLIST_KEY_UISupportedInterfaceOrientations_iPad = "UIInterfaceOrientationPortrait UIInterfaceOrientationPortraitUpsideDown UIInterfaceOrientationLandscapeLeft UIInterfaceOrientationLandscapeRight";
				INFOPLIST_KEY_UISupportedInterfaceOrientations_iPhone = "UIInterfaceOrientationPortrait UIInterfaceOrientationLandscapeLeft UIInterfaceOrientationLandscapeRight";
				LD_RUNPATH_SEARCH_PATHS = (
					"$(inherited)",
					"@executable_path/Frameworks",
				);
				MARKETING_VERSION = 1.0;
				PRODUCT_BUNDLE_IDENTIFIER = com.acmpo6ou.myaccounts.MyAccounts;
				PRODUCT_NAME = "$(TARGET_NAME)";
				SWIFT_EMIT_LOC_STRINGS = YES;
				SWIFT_VERSION = 5.0;
				TARGETED_DEVICE_FAMILY = "1,2";
			};
			name = Release;
		};
		D2AB93692A4BF465004334BB /* Debug */ = {
			isa = XCBuildConfiguration;
			buildSettings = {
				ALWAYS_EMBED_SWIFT_STANDARD_LIBRARIES = YES;
				BUNDLE_LOADER = "$(TEST_HOST)";
				CODE_SIGN_STYLE = Automatic;
				CURRENT_PROJECT_VERSION = 1;
				DEVELOPMENT_TEAM = URTVUTC478;
				GENERATE_INFOPLIST_FILE = YES;
				IPHONEOS_DEPLOYMENT_TARGET = 16.4;
				MARKETING_VERSION = 1.0;
				PRODUCT_BUNDLE_IDENTIFIER = com.acmpo6ou.myaccounts.MyAccountsTests;
				PRODUCT_NAME = "$(TARGET_NAME)";
				SWIFT_EMIT_LOC_STRINGS = NO;
				SWIFT_VERSION = 5.0;
				TARGETED_DEVICE_FAMILY = "1,2";
				TEST_HOST = "$(BUILT_PRODUCTS_DIR)/MyAccounts.app/$(BUNDLE_EXECUTABLE_FOLDER_PATH)/MyAccounts";
			};
			name = Debug;
		};
		D2AB936A2A4BF465004334BB /* Release */ = {
			isa = XCBuildConfiguration;
			buildSettings = {
				ALWAYS_EMBED_SWIFT_STANDARD_LIBRARIES = YES;
				BUNDLE_LOADER = "$(TEST_HOST)";
				CODE_SIGN_STYLE = Automatic;
				CURRENT_PROJECT_VERSION = 1;
				DEVELOPMENT_TEAM = URTVUTC478;
				GENERATE_INFOPLIST_FILE = YES;
				IPHONEOS_DEPLOYMENT_TARGET = 16.4;
				MARKETING_VERSION = 1.0;
				PRODUCT_BUNDLE_IDENTIFIER = com.acmpo6ou.myaccounts.MyAccountsTests;
				PRODUCT_NAME = "$(TARGET_NAME)";
				SWIFT_EMIT_LOC_STRINGS = NO;
				SWIFT_VERSION = 5.0;
				TARGETED_DEVICE_FAMILY = "1,2";
				TEST_HOST = "$(BUILT_PRODUCTS_DIR)/MyAccounts.app/$(BUNDLE_EXECUTABLE_FOLDER_PATH)/MyAccounts";
			};
			name = Release;
		};
		D2AB936C2A4BF465004334BB /* Debug */ = {
			isa = XCBuildConfiguration;
			buildSettings = {
				ALWAYS_EMBED_SWIFT_STANDARD_LIBRARIES = YES;
				CODE_SIGN_STYLE = Automatic;
				CURRENT_PROJECT_VERSION = 1;
				DEVELOPMENT_TEAM = URTVUTC478;
				GENERATE_INFOPLIST_FILE = YES;
				MARKETING_VERSION = 1.0;
				PRODUCT_BUNDLE_IDENTIFIER = com.acmpo6ou.myaccounts.MyAccountsUITests;
				PRODUCT_NAME = "$(TARGET_NAME)";
				SWIFT_EMIT_LOC_STRINGS = NO;
				SWIFT_VERSION = 5.0;
				TARGETED_DEVICE_FAMILY = "1,2";
				TEST_TARGET_NAME = MyAccounts;
			};
			name = Debug;
		};
		D2AB936D2A4BF465004334BB /* Release */ = {
			isa = XCBuildConfiguration;
			buildSettings = {
				ALWAYS_EMBED_SWIFT_STANDARD_LIBRARIES = YES;
				CODE_SIGN_STYLE = Automatic;
				CURRENT_PROJECT_VERSION = 1;
				DEVELOPMENT_TEAM = URTVUTC478;
				GENERATE_INFOPLIST_FILE = YES;
				MARKETING_VERSION = 1.0;
				PRODUCT_BUNDLE_IDENTIFIER = com.acmpo6ou.myaccounts.MyAccountsUITests;
				PRODUCT_NAME = "$(TARGET_NAME)";
				SWIFT_EMIT_LOC_STRINGS = NO;
				SWIFT_VERSION = 5.0;
				TARGETED_DEVICE_FAMILY = "1,2";
				TEST_TARGET_NAME = MyAccounts;
			};
			name = Release;
		};
/* End XCBuildConfiguration section */

/* Begin XCConfigurationList section */
		D2AB933C2A4BF464004334BB /* Build configuration list for PBXProject "MyAccounts" */ = {
			isa = XCConfigurationList;
			buildConfigurations = (
				D2AB93632A4BF465004334BB /* Debug */,
				D2AB93642A4BF465004334BB /* Release */,
			);
			defaultConfigurationIsVisible = 0;
			defaultConfigurationName = Release;
		};
		D2AB93652A4BF465004334BB /* Build configuration list for PBXNativeTarget "MyAccounts" */ = {
			isa = XCConfigurationList;
			buildConfigurations = (
				D2AB93662A4BF465004334BB /* Debug */,
				D2AB93672A4BF465004334BB /* Release */,
			);
			defaultConfigurationIsVisible = 0;
			defaultConfigurationName = Release;
		};
		D2AB93682A4BF465004334BB /* Build configuration list for PBXNativeTarget "MyAccountsTests" */ = {
			isa = XCConfigurationList;
			buildConfigurations = (
				D2AB93692A4BF465004334BB /* Debug */,
				D2AB936A2A4BF465004334BB /* Release */,
			);
			defaultConfigurationIsVisible = 0;
			defaultConfigurationName = Release;
		};
		D2AB936B2A4BF465004334BB /* Build configuration list for PBXNativeTarget "MyAccountsUITests" */ = {
			isa = XCConfigurationList;
			buildConfigurations = (
				D2AB936C2A4BF465004334BB /* Debug */,
				D2AB936D2A4BF465004334BB /* Release */,
			);
			defaultConfigurationIsVisible = 0;
			defaultConfigurationName = Release;
		};
/* End XCConfigurationList section */
	};
	rootObject = D2AB93392A4BF464004334BB /* Project object */;
}
