// !$*UTF8*$!
{
	archiveVersion = 1;
	classes = {
	};
	objectVersion = 56;
	objects = {

/* Begin PBXBuildFile section */
		3DF505795B1610C2AE0089A3 /* Pods_MyAccounts_MyAccountsUITests.framework in Frameworks */ = {isa = PBXBuildFile; fileRef = B8B8C344D178C5F891595A4F /* Pods_MyAccounts_MyAccountsUITests.framework */; };
		4B709A770D5467824AFB20B0 /* Pods_MyAccounts.framework in Frameworks */ = {isa = PBXBuildFile; fileRef = E0772E393E8BDC0E5B0E3905 /* Pods_MyAccounts.framework */; };
		50E2DA4F116AE33FB8A19995 /* Pods_MyAccountsTests.framework in Frameworks */ = {isa = PBXBuildFile; fileRef = 3BD5FE5AA6B7122A0960FA70 /* Pods_MyAccountsTests.framework */; };
		6E23FA41EE0843A7461FF018 /* Pods_MyAccounts_MyAccountsBoard.framework in Frameworks */ = {isa = PBXBuildFile; fileRef = 04400C00F8D5E928A915439C /* Pods_MyAccounts_MyAccountsBoard.framework */; };
		D2586F1D2A6A9E8D004A2F90 /* EditDatabaseUITests.swift in Sources */ = {isa = PBXBuildFile; fileRef = D2586F1C2A6A9E8D004A2F90 /* EditDatabaseUITests.swift */; };
		D2586F1F2A6AB681004A2F90 /* AccountItem.swift in Sources */ = {isa = PBXBuildFile; fileRef = D2586F1E2A6AB681004A2F90 /* AccountItem.swift */; };
		D2586F212A6AB8E5004A2F90 /* AccountsListViewModel.swift in Sources */ = {isa = PBXBuildFile; fileRef = D2586F202A6AB8E5004A2F90 /* AccountsListViewModel.swift */; };
		D2586F232A6B158A004A2F90 /* ListItemView.swift in Sources */ = {isa = PBXBuildFile; fileRef = D2586F222A6B158A004A2F90 /* ListItemView.swift */; };
		D2610EF72A5EEFEC00BB100C /* EditDatabase.swift in Sources */ = {isa = PBXBuildFile; fileRef = D2610EF62A5EEFEC00BB100C /* EditDatabase.swift */; };
		D26E0EFE2A51DD4400F47D72 /* DatabasesList.swift in Sources */ = {isa = PBXBuildFile; fileRef = D26E0EFD2A51DD4400F47D72 /* DatabasesList.swift */; };
		D26F7B612A6578BE000BB5CD /* CreateViewModel.swift in Sources */ = {isa = PBXBuildFile; fileRef = D26F7B602A6578BE000BB5CD /* CreateViewModel.swift */; };
		D26F7B632A65BBC4000BB5CD /* ErrorModel.swift in Sources */ = {isa = PBXBuildFile; fileRef = D26F7B622A65BBC4000BB5CD /* ErrorModel.swift */; };
		D2774D732A6FC61000F72945 /* DisplayAccountUITests.swift in Sources */ = {isa = PBXBuildFile; fileRef = D2774D722A6FC61000F72945 /* DisplayAccountUITests.swift */; };
		D277C2522A7E42C90053C708 /* Settings.swift in Sources */ = {isa = PBXBuildFile; fileRef = D277C2512A7E42C90053C708 /* Settings.swift */; };
		D277C2542A7E433E0053C708 /* SettingsViewModel.swift in Sources */ = {isa = PBXBuildFile; fileRef = D277C2532A7E433E0053C708 /* SettingsViewModel.swift */; };
		D27CEDBA2A52D0580091B634 /* Database.swift in Sources */ = {isa = PBXBuildFile; fileRef = D27CEDB92A52D0580091B634 /* Database.swift */; };
		D27CEDBC2A52D1420091B634 /* Account.swift in Sources */ = {isa = PBXBuildFile; fileRef = D27CEDBB2A52D1420091B634 /* Account.swift */; };
		D27CEDC02A5324D10091B634 /* Fernet.swift in Sources */ = {isa = PBXBuildFile; fileRef = D27CEDBF2A5324D10091B634 /* Fernet.swift */; };
		D27CFF442A5ED4A9004DA27E /* CreateDatabase.swift in Sources */ = {isa = PBXBuildFile; fileRef = D27CFF432A5ED4A9004DA27E /* CreateDatabase.swift */; };
		D28E27402A6D25C8009F57CE /* AccountsListUITests.swift in Sources */ = {isa = PBXBuildFile; fileRef = D28E273F2A6D25C8009F57CE /* AccountsListUITests.swift */; };
		D28E27422A6D3F31009F57CE /* SpacedText.swift in Sources */ = {isa = PBXBuildFile; fileRef = D28E27412A6D3F31009F57CE /* SpacedText.swift */; };
		D2935AAF2A72811300FB5936 /* KeyboardViewController.swift in Sources */ = {isa = PBXBuildFile; fileRef = D2935AAE2A72811300FB5936 /* KeyboardViewController.swift */; };
		D2935AB32A72811300FB5936 /* MyAccountsBoard.appex in Embed Foundation Extensions */ = {isa = PBXBuildFile; fileRef = D2935AAC2A72811300FB5936 /* MyAccountsBoard.appex */; settings = {ATTRIBUTES = (RemoveHeadersOnCopy, ); }; };
		D296FD582A62FC83006BFEE5 /* DatabasesListViewModelTests.swift in Sources */ = {isa = PBXBuildFile; fileRef = D296FD572A62FC83006BFEE5 /* DatabasesListViewModelTests.swift */; };
		D296FD5A2A62FD14006BFEE5 /* BaseTest.swift in Sources */ = {isa = PBXBuildFile; fileRef = D296FD592A62FD14006BFEE5 /* BaseTest.swift */; };
		D2A602512A581FDE00BAFB54 /* Localizable.strings in Resources */ = {isa = PBXBuildFile; fileRef = D2A602532A581FDE00BAFB54 /* Localizable.strings */; };
		D2A602552A58207E00BAFB54 /* Utilities.swift in Sources */ = {isa = PBXBuildFile; fileRef = D2A602542A58207E00BAFB54 /* Utilities.swift */; };
		D2A602572A5843DC00BAFB54 /* DatabasesListViewModel.swift in Sources */ = {isa = PBXBuildFile; fileRef = D2A602562A5843DC00BAFB54 /* DatabasesListViewModel.swift */; };
		D2A6025D2A58480500BAFB54 /* DatabaseItem.swift in Sources */ = {isa = PBXBuildFile; fileRef = D2A6025C2A58480500BAFB54 /* DatabaseItem.swift */; };
		D2A940052A66958800BA9D0E /* CreateDatabaseUITests.swift in Sources */ = {isa = PBXBuildFile; fileRef = D2A940042A66958800BA9D0E /* CreateDatabaseUITests.swift */; };
		D2A940082A6695CF00BA9D0E /* BaseTest.swift in Sources */ = {isa = PBXBuildFile; fileRef = D2A940072A6695CF00BA9D0E /* BaseTest.swift */; };
		D2AB93452A4BF464004334BB /* MyAccountsApp.swift in Sources */ = {isa = PBXBuildFile; fileRef = D2AB93442A4BF464004334BB /* MyAccountsApp.swift */; };
		D2AB93492A4BF465004334BB /* Assets.xcassets in Resources */ = {isa = PBXBuildFile; fileRef = D2AB93482A4BF465004334BB /* Assets.xcassets */; };
		D2AB934C2A4BF465004334BB /* Preview Assets.xcassets in Resources */ = {isa = PBXBuildFile; fileRef = D2AB934B2A4BF465004334BB /* Preview Assets.xcassets */; };
		D2AB93562A4BF465004334BB /* DatabaseTests.swift in Sources */ = {isa = PBXBuildFile; fileRef = D2AB93552A4BF465004334BB /* DatabaseTests.swift */; };
		D2AB93602A4BF465004334BB /* DatabasesListUITests.swift in Sources */ = {isa = PBXBuildFile; fileRef = D2AB935F2A4BF465004334BB /* DatabasesListUITests.swift */; };
		D2B171472A7A4B07009EF12F /* CreateAccountViewModel.swift in Sources */ = {isa = PBXBuildFile; fileRef = D2B171462A7A4B07009EF12F /* CreateAccountViewModel.swift */; };
		D2B171492A7A7143009EF12F /* AttachedFiles.swift in Sources */ = {isa = PBXBuildFile; fileRef = D2B171482A7A7143009EF12F /* AttachedFiles.swift */; };
		D2B365FA2A6B17D20043C659 /* ListItem.swift in Sources */ = {isa = PBXBuildFile; fileRef = D2B365F92A6B17D20043C659 /* ListItem.swift */; };
		D2B365FD2A6B1A310043C659 /* ListViewModel.swift in Sources */ = {isa = PBXBuildFile; fileRef = D2B365FC2A6B1A310043C659 /* ListViewModel.swift */; };
		D2B365FF2A6C155B0043C659 /* ItemsList.swift in Sources */ = {isa = PBXBuildFile; fileRef = D2B365FE2A6C155B0043C659 /* ItemsList.swift */; };
		D2B366022A6C54200043C659 /* DisplayAccount.swift in Sources */ = {isa = PBXBuildFile; fileRef = D2B366012A6C54200043C659 /* DisplayAccount.swift */; };
		D2B366052A6C54C30043C659 /* CreateAccount.swift in Sources */ = {isa = PBXBuildFile; fileRef = D2B366042A6C54C30043C659 /* CreateAccount.swift */; };
		D2B366082A6C54D70043C659 /* EditAccount.swift in Sources */ = {isa = PBXBuildFile; fileRef = D2B366072A6C54D70043C659 /* EditAccount.swift */; };
		D2BD69C42A7D0EC000A86B53 /* EditAccountUITests.swift in Sources */ = {isa = PBXBuildFile; fileRef = D2BD69C32A7D0EC000A86B53 /* EditAccountUITests.swift */; };
		D2BD69C72A7D57B200A86B53 /* EditAccountViewModelTests.swift in Sources */ = {isa = PBXBuildFile; fileRef = D2BD69C62A7D57B200A86B53 /* EditAccountViewModelTests.swift */; };
		D2BD69C92A7D5F1100A86B53 /* testfile.txt in Resources */ = {isa = PBXBuildFile; fileRef = D2BD69C82A7D5F1100A86B53 /* testfile.txt */; };
		D2C16CA72A641A8A00C72086 /* Field.swift in Sources */ = {isa = PBXBuildFile; fileRef = D2C16CA62A641A8A00C72086 /* Field.swift */; };
		D2CE7EF22A5AFF8400945A0D /* main.dba in Resources */ = {isa = PBXBuildFile; fileRef = D2CE7EF12A5AFF8400945A0D /* main.dba */; };
		D2CE7EF52A5B306C00945A0D /* DatabaseData.swift in Sources */ = {isa = PBXBuildFile; fileRef = D2CE7EF42A5B306C00945A0D /* DatabaseData.swift */; };
		D2DAE0802A697EDE0044964A /* OpenDatabaseViewModel.swift in Sources */ = {isa = PBXBuildFile; fileRef = D2DAE07F2A697EDE0044964A /* OpenDatabaseViewModel.swift */; };
		D2DAE0822A69BDD40044964A /* OpenDatabaseUITests.swift in Sources */ = {isa = PBXBuildFile; fileRef = D2DAE0812A69BDD40044964A /* OpenDatabaseUITests.swift */; };
		D2DAE0842A69C2EB0044964A /* EditDatabaseViewModel.swift in Sources */ = {isa = PBXBuildFile; fileRef = D2DAE0832A69C2EB0044964A /* EditDatabaseViewModel.swift */; };
		D2E0D55C2A7BAFB300CB9280 /* CreateAccountUITests.swift in Sources */ = {isa = PBXBuildFile; fileRef = D2E0D55B2A7BAFB300CB9280 /* CreateAccountUITests.swift */; };
		D2E0D55E2A7C19A700CB9280 /* EditAccountViewModel.swift in Sources */ = {isa = PBXBuildFile; fileRef = D2E0D55D2A7C19A700CB9280 /* EditAccountViewModel.swift */; };
		D2E8DDEB2A6E944000019159 /* DisplayAccountViewModel.swift in Sources */ = {isa = PBXBuildFile; fileRef = D2E8DDEA2A6E944000019159 /* DisplayAccountViewModel.swift */; };
		D2E8DDED2A6EA76A00019159 /* BinaryDocument.swift in Sources */ = {isa = PBXBuildFile; fileRef = D2E8DDEC2A6EA76A00019159 /* BinaryDocument.swift */; };
		D2EF561D2A66FA0200D33CD4 /* GenPass.swift in Sources */ = {isa = PBXBuildFile; fileRef = D2EF561C2A66FA0200D33CD4 /* GenPass.swift */; };
		D2EF561F2A682D3E00D33CD4 /* GenPassUITests.swift in Sources */ = {isa = PBXBuildFile; fileRef = D2EF561E2A682D3E00D33CD4 /* GenPassUITests.swift */; };
		D2F7B78D2A63E335002CEDF8 /* CreateDatabaseViewModel.swift in Sources */ = {isa = PBXBuildFile; fileRef = D2F7B78C2A63E335002CEDF8 /* CreateDatabaseViewModel.swift */; };
		D2F7B78F2A64033C002CEDF8 /* PasswordField.swift in Sources */ = {isa = PBXBuildFile; fileRef = D2F7B78E2A64033C002CEDF8 /* PasswordField.swift */; };
		D2FD5A362A5FF81D003EA40F /* OpenDatabase.swift in Sources */ = {isa = PBXBuildFile; fileRef = D2FD5A352A5FF81D003EA40F /* OpenDatabase.swift */; };
		D2FD5A3B2A600E99003EA40F /* AccountsList.swift in Sources */ = {isa = PBXBuildFile; fileRef = D2FD5A3A2A600E99003EA40F /* AccountsList.swift */; };
		D2FD5A3D2A604610003EA40F /* main.dba in Resources */ = {isa = PBXBuildFile; fileRef = D2FD5A3C2A604610003EA40F /* main.dba */; };
		D2FDD6292A608F9C00F79D8A /* Localizable.strings in Resources */ = {isa = PBXBuildFile; fileRef = D2A602532A581FDE00BAFB54 /* Localizable.strings */; };
		D2FDD62C2A61438600F79D8A /* Utilities.swift in Sources */ = {isa = PBXBuildFile; fileRef = D2FDD62A2A61437E00F79D8A /* Utilities.swift */; };
/* End PBXBuildFile section */

/* Begin PBXContainerItemProxy section */
		D2935AB12A72811300FB5936 /* PBXContainerItemProxy */ = {
			isa = PBXContainerItemProxy;
			containerPortal = D2AB93392A4BF464004334BB /* Project object */;
			proxyType = 1;
			remoteGlobalIDString = D2935AAB2A72811300FB5936;
			remoteInfo = MyAccountsBoard;
		};
		D2AB93522A4BF465004334BB /* PBXContainerItemProxy */ = {
			isa = PBXContainerItemProxy;
			containerPortal = D2AB93392A4BF464004334BB /* Project object */;
			proxyType = 1;
			remoteGlobalIDString = D2AB93402A4BF464004334BB;
			remoteInfo = MyAccounts;
		};
		D2AB935C2A4BF465004334BB /* PBXContainerItemProxy */ = {
			isa = PBXContainerItemProxy;
			containerPortal = D2AB93392A4BF464004334BB /* Project object */;
			proxyType = 1;
			remoteGlobalIDString = D2AB93402A4BF464004334BB;
			remoteInfo = MyAccounts;
		};
/* End PBXContainerItemProxy section */

/* Begin PBXCopyFilesBuildPhase section */
		D2935AB42A72811300FB5936 /* Embed Foundation Extensions */ = {
			isa = PBXCopyFilesBuildPhase;
			buildActionMask = 2147483647;
			dstPath = "";
			dstSubfolderSpec = 13;
			files = (
				D2935AB32A72811300FB5936 /* MyAccountsBoard.appex in Embed Foundation Extensions */,
			);
			name = "Embed Foundation Extensions";
			runOnlyForDeploymentPostprocessing = 0;
		};
/* End PBXCopyFilesBuildPhase section */

/* Begin PBXFileReference section */
		04400C00F8D5E928A915439C /* Pods_MyAccounts_MyAccountsBoard.framework */ = {isa = PBXFileReference; explicitFileType = wrapper.framework; includeInIndex = 0; path = Pods_MyAccounts_MyAccountsBoard.framework; sourceTree = BUILT_PRODUCTS_DIR; };
		2C473CD1278393EB2ACC2CCD /* Pods-MyAccountsTests.debug.xcconfig */ = {isa = PBXFileReference; includeInIndex = 1; lastKnownFileType = text.xcconfig; name = "Pods-MyAccountsTests.debug.xcconfig"; path = "Target Support Files/Pods-MyAccountsTests/Pods-MyAccountsTests.debug.xcconfig"; sourceTree = "<group>"; };
		2D07B68272F3B3C55F777F1E /* Pods-MyAccounts-MyAccountsUITests.debug.xcconfig */ = {isa = PBXFileReference; includeInIndex = 1; lastKnownFileType = text.xcconfig; name = "Pods-MyAccounts-MyAccountsUITests.debug.xcconfig"; path = "Target Support Files/Pods-MyAccounts-MyAccountsUITests/Pods-MyAccounts-MyAccountsUITests.debug.xcconfig"; sourceTree = "<group>"; };
		3BD5FE5AA6B7122A0960FA70 /* Pods_MyAccountsTests.framework */ = {isa = PBXFileReference; explicitFileType = wrapper.framework; includeInIndex = 0; path = Pods_MyAccountsTests.framework; sourceTree = BUILT_PRODUCTS_DIR; };
		3D7E02A74D4CE38E318B91CE /* Pods-MyAccounts-MyAccountsBoard.release.xcconfig */ = {isa = PBXFileReference; includeInIndex = 1; lastKnownFileType = text.xcconfig; name = "Pods-MyAccounts-MyAccountsBoard.release.xcconfig"; path = "Target Support Files/Pods-MyAccounts-MyAccountsBoard/Pods-MyAccounts-MyAccountsBoard.release.xcconfig"; sourceTree = "<group>"; };
		925479D2B79F745289A48628 /* Pods-MyAccounts.release.xcconfig */ = {isa = PBXFileReference; includeInIndex = 1; lastKnownFileType = text.xcconfig; name = "Pods-MyAccounts.release.xcconfig"; path = "Target Support Files/Pods-MyAccounts/Pods-MyAccounts.release.xcconfig"; sourceTree = "<group>"; };
		B004358B01E77A1EB7DBC4C3 /* Pods-MyAccounts.debug.xcconfig */ = {isa = PBXFileReference; includeInIndex = 1; lastKnownFileType = text.xcconfig; name = "Pods-MyAccounts.debug.xcconfig"; path = "Target Support Files/Pods-MyAccounts/Pods-MyAccounts.debug.xcconfig"; sourceTree = "<group>"; };
		B8B8C344D178C5F891595A4F /* Pods_MyAccounts_MyAccountsUITests.framework */ = {isa = PBXFileReference; explicitFileType = wrapper.framework; includeInIndex = 0; path = Pods_MyAccounts_MyAccountsUITests.framework; sourceTree = BUILT_PRODUCTS_DIR; };
		CF15A37F20ED868354A8FFA8 /* Pods-MyAccountsTests.release.xcconfig */ = {isa = PBXFileReference; includeInIndex = 1; lastKnownFileType = text.xcconfig; name = "Pods-MyAccountsTests.release.xcconfig"; path = "Target Support Files/Pods-MyAccountsTests/Pods-MyAccountsTests.release.xcconfig"; sourceTree = "<group>"; };
		D2586F1C2A6A9E8D004A2F90 /* EditDatabaseUITests.swift */ = {isa = PBXFileReference; lastKnownFileType = sourcecode.swift; path = EditDatabaseUITests.swift; sourceTree = "<group>"; };
		D2586F1E2A6AB681004A2F90 /* AccountItem.swift */ = {isa = PBXFileReference; lastKnownFileType = sourcecode.swift; path = AccountItem.swift; sourceTree = "<group>"; };
		D2586F202A6AB8E5004A2F90 /* AccountsListViewModel.swift */ = {isa = PBXFileReference; lastKnownFileType = sourcecode.swift; path = AccountsListViewModel.swift; sourceTree = "<group>"; };
		D2586F222A6B158A004A2F90 /* ListItemView.swift */ = {isa = PBXFileReference; lastKnownFileType = sourcecode.swift; path = ListItemView.swift; sourceTree = "<group>"; };
		D2610EF42A5EE2E000BB100C /* Info.plist */ = {isa = PBXFileReference; lastKnownFileType = text.plist; path = Info.plist; sourceTree = "<group>"; };
		D2610EF62A5EEFEC00BB100C /* EditDatabase.swift */ = {isa = PBXFileReference; lastKnownFileType = sourcecode.swift; path = EditDatabase.swift; sourceTree = "<group>"; };
		D26E0EFD2A51DD4400F47D72 /* DatabasesList.swift */ = {isa = PBXFileReference; lastKnownFileType = sourcecode.swift; path = DatabasesList.swift; sourceTree = "<group>"; };
		D26F7B602A6578BE000BB5CD /* CreateViewModel.swift */ = {isa = PBXFileReference; lastKnownFileType = sourcecode.swift; path = CreateViewModel.swift; sourceTree = "<group>"; };
		D26F7B622A65BBC4000BB5CD /* ErrorModel.swift */ = {isa = PBXFileReference; lastKnownFileType = sourcecode.swift; path = ErrorModel.swift; sourceTree = "<group>"; };
		D2774D722A6FC61000F72945 /* DisplayAccountUITests.swift */ = {isa = PBXFileReference; lastKnownFileType = sourcecode.swift; path = DisplayAccountUITests.swift; sourceTree = "<group>"; };
		D277C2512A7E42C90053C708 /* Settings.swift */ = {isa = PBXFileReference; lastKnownFileType = sourcecode.swift; path = Settings.swift; sourceTree = "<group>"; };
		D277C2532A7E433E0053C708 /* SettingsViewModel.swift */ = {isa = PBXFileReference; lastKnownFileType = sourcecode.swift; path = SettingsViewModel.swift; sourceTree = "<group>"; };
		D27CEDB92A52D0580091B634 /* Database.swift */ = {isa = PBXFileReference; lastKnownFileType = sourcecode.swift; path = Database.swift; sourceTree = "<group>"; };
		D27CEDBB2A52D1420091B634 /* Account.swift */ = {isa = PBXFileReference; lastKnownFileType = sourcecode.swift; path = Account.swift; sourceTree = "<group>"; };
		D27CEDBE2A5311F60091B634 /* MyPlayground.playground */ = {isa = PBXFileReference; lastKnownFileType = file.playground; path = MyPlayground.playground; sourceTree = "<group>"; xcLanguageSpecificationIdentifier = xcode.lang.swift; };
		D27CEDBF2A5324D10091B634 /* Fernet.swift */ = {isa = PBXFileReference; lastKnownFileType = sourcecode.swift; path = Fernet.swift; sourceTree = "<group>"; };
		D27CFF432A5ED4A9004DA27E /* CreateDatabase.swift */ = {isa = PBXFileReference; lastKnownFileType = sourcecode.swift; path = CreateDatabase.swift; sourceTree = "<group>"; };
		D28E273F2A6D25C8009F57CE /* AccountsListUITests.swift */ = {isa = PBXFileReference; lastKnownFileType = sourcecode.swift; path = AccountsListUITests.swift; sourceTree = "<group>"; };
		D28E27412A6D3F31009F57CE /* SpacedText.swift */ = {isa = PBXFileReference; lastKnownFileType = sourcecode.swift; path = SpacedText.swift; sourceTree = "<group>"; };
		D2935AAC2A72811300FB5936 /* MyAccountsBoard.appex */ = {isa = PBXFileReference; explicitFileType = "wrapper.app-extension"; includeInIndex = 0; path = MyAccountsBoard.appex; sourceTree = BUILT_PRODUCTS_DIR; };
		D2935AAE2A72811300FB5936 /* KeyboardViewController.swift */ = {isa = PBXFileReference; lastKnownFileType = sourcecode.swift; path = KeyboardViewController.swift; sourceTree = "<group>"; };
		D2935AB02A72811300FB5936 /* Info.plist */ = {isa = PBXFileReference; lastKnownFileType = text.plist.xml; path = Info.plist; sourceTree = "<group>"; };
		D2935ABA2A72DE6B00FB5936 /* MyAccounts.entitlements */ = {isa = PBXFileReference; lastKnownFileType = text.plist.entitlements; path = MyAccounts.entitlements; sourceTree = "<group>"; };
		D2935ABB2A72DE9000FB5936 /* MyAccountsBoard.entitlements */ = {isa = PBXFileReference; lastKnownFileType = text.plist.entitlements; path = MyAccountsBoard.entitlements; sourceTree = "<group>"; };
		D296FD572A62FC83006BFEE5 /* DatabasesListViewModelTests.swift */ = {isa = PBXFileReference; lastKnownFileType = sourcecode.swift; path = DatabasesListViewModelTests.swift; sourceTree = "<group>"; };
		D296FD592A62FD14006BFEE5 /* BaseTest.swift */ = {isa = PBXFileReference; lastKnownFileType = sourcecode.swift; path = BaseTest.swift; sourceTree = "<group>"; };
		D2A602522A581FDE00BAFB54 /* en */ = {isa = PBXFileReference; lastKnownFileType = text.plist.strings; name = en; path = en.lproj/Localizable.strings; sourceTree = "<group>"; };
		D2A602542A58207E00BAFB54 /* Utilities.swift */ = {isa = PBXFileReference; lastKnownFileType = sourcecode.swift; path = Utilities.swift; sourceTree = "<group>"; };
		D2A602562A5843DC00BAFB54 /* DatabasesListViewModel.swift */ = {isa = PBXFileReference; lastKnownFileType = sourcecode.swift; path = DatabasesListViewModel.swift; sourceTree = "<group>"; };
		D2A6025C2A58480500BAFB54 /* DatabaseItem.swift */ = {isa = PBXFileReference; lastKnownFileType = sourcecode.swift; path = DatabaseItem.swift; sourceTree = "<group>"; };
		D2A940042A66958800BA9D0E /* CreateDatabaseUITests.swift */ = {isa = PBXFileReference; lastKnownFileType = sourcecode.swift; path = CreateDatabaseUITests.swift; sourceTree = "<group>"; };
		D2A940072A6695CF00BA9D0E /* BaseTest.swift */ = {isa = PBXFileReference; lastKnownFileType = sourcecode.swift; path = BaseTest.swift; sourceTree = "<group>"; };
		D2AB93412A4BF464004334BB /* MyAccounts.app */ = {isa = PBXFileReference; explicitFileType = wrapper.application; includeInIndex = 0; path = MyAccounts.app; sourceTree = BUILT_PRODUCTS_DIR; };
		D2AB93442A4BF464004334BB /* MyAccountsApp.swift */ = {isa = PBXFileReference; lastKnownFileType = sourcecode.swift; path = MyAccountsApp.swift; sourceTree = "<group>"; };
		D2AB93482A4BF465004334BB /* Assets.xcassets */ = {isa = PBXFileReference; lastKnownFileType = folder.assetcatalog; path = Assets.xcassets; sourceTree = "<group>"; };
		D2AB934B2A4BF465004334BB /* Preview Assets.xcassets */ = {isa = PBXFileReference; lastKnownFileType = folder.assetcatalog; path = "Preview Assets.xcassets"; sourceTree = "<group>"; };
		D2AB93512A4BF465004334BB /* MyAccountsTests.xctest */ = {isa = PBXFileReference; explicitFileType = wrapper.cfbundle; includeInIndex = 0; path = MyAccountsTests.xctest; sourceTree = BUILT_PRODUCTS_DIR; };
		D2AB93552A4BF465004334BB /* DatabaseTests.swift */ = {isa = PBXFileReference; lastKnownFileType = sourcecode.swift; path = DatabaseTests.swift; sourceTree = "<group>"; };
		D2AB935B2A4BF465004334BB /* MyAccountsUITests.xctest */ = {isa = PBXFileReference; explicitFileType = wrapper.cfbundle; includeInIndex = 0; path = MyAccountsUITests.xctest; sourceTree = BUILT_PRODUCTS_DIR; };
		D2AB935F2A4BF465004334BB /* DatabasesListUITests.swift */ = {isa = PBXFileReference; lastKnownFileType = sourcecode.swift; path = DatabasesListUITests.swift; sourceTree = "<group>"; };
		D2B171462A7A4B07009EF12F /* CreateAccountViewModel.swift */ = {isa = PBXFileReference; lastKnownFileType = sourcecode.swift; path = CreateAccountViewModel.swift; sourceTree = "<group>"; };
		D2B171482A7A7143009EF12F /* AttachedFiles.swift */ = {isa = PBXFileReference; lastKnownFileType = sourcecode.swift; path = AttachedFiles.swift; sourceTree = "<group>"; };
		D2B365F92A6B17D20043C659 /* ListItem.swift */ = {isa = PBXFileReference; lastKnownFileType = sourcecode.swift; path = ListItem.swift; sourceTree = "<group>"; };
		D2B365FC2A6B1A310043C659 /* ListViewModel.swift */ = {isa = PBXFileReference; lastKnownFileType = sourcecode.swift; path = ListViewModel.swift; sourceTree = "<group>"; };
		D2B365FE2A6C155B0043C659 /* ItemsList.swift */ = {isa = PBXFileReference; lastKnownFileType = sourcecode.swift; path = ItemsList.swift; sourceTree = "<group>"; };
		D2B366012A6C54200043C659 /* DisplayAccount.swift */ = {isa = PBXFileReference; lastKnownFileType = sourcecode.swift; path = DisplayAccount.swift; sourceTree = "<group>"; };
		D2B366042A6C54C30043C659 /* CreateAccount.swift */ = {isa = PBXFileReference; lastKnownFileType = sourcecode.swift; path = CreateAccount.swift; sourceTree = "<group>"; };
		D2B366072A6C54D70043C659 /* EditAccount.swift */ = {isa = PBXFileReference; lastKnownFileType = sourcecode.swift; path = EditAccount.swift; sourceTree = "<group>"; };
		D2BD69C32A7D0EC000A86B53 /* EditAccountUITests.swift */ = {isa = PBXFileReference; lastKnownFileType = sourcecode.swift; path = EditAccountUITests.swift; sourceTree = "<group>"; };
		D2BD69C62A7D57B200A86B53 /* EditAccountViewModelTests.swift */ = {isa = PBXFileReference; lastKnownFileType = sourcecode.swift; path = EditAccountViewModelTests.swift; sourceTree = "<group>"; };
		D2BD69C82A7D5F1100A86B53 /* testfile.txt */ = {isa = PBXFileReference; lastKnownFileType = text; path = testfile.txt; sourceTree = "<group>"; };
		D2C16CA62A641A8A00C72086 /* Field.swift */ = {isa = PBXFileReference; lastKnownFileType = sourcecode.swift; path = Field.swift; sourceTree = "<group>"; };
		D2CE7EF12A5AFF8400945A0D /* main.dba */ = {isa = PBXFileReference; fileEncoding = 4; lastKnownFileType = text; path = main.dba; sourceTree = "<group>"; };
		D2CE7EF42A5B306C00945A0D /* DatabaseData.swift */ = {isa = PBXFileReference; lastKnownFileType = sourcecode.swift; path = DatabaseData.swift; sourceTree = "<group>"; };
		D2DAE07F2A697EDE0044964A /* OpenDatabaseViewModel.swift */ = {isa = PBXFileReference; lastKnownFileType = sourcecode.swift; path = OpenDatabaseViewModel.swift; sourceTree = "<group>"; };
		D2DAE0812A69BDD40044964A /* OpenDatabaseUITests.swift */ = {isa = PBXFileReference; lastKnownFileType = sourcecode.swift; path = OpenDatabaseUITests.swift; sourceTree = "<group>"; };
		D2DAE0832A69C2EB0044964A /* EditDatabaseViewModel.swift */ = {isa = PBXFileReference; lastKnownFileType = sourcecode.swift; path = EditDatabaseViewModel.swift; sourceTree = "<group>"; };
		D2E0D55B2A7BAFB300CB9280 /* CreateAccountUITests.swift */ = {isa = PBXFileReference; lastKnownFileType = sourcecode.swift; path = CreateAccountUITests.swift; sourceTree = "<group>"; };
		D2E0D55D2A7C19A700CB9280 /* EditAccountViewModel.swift */ = {isa = PBXFileReference; lastKnownFileType = sourcecode.swift; path = EditAccountViewModel.swift; sourceTree = "<group>"; };
		D2E8DDEA2A6E944000019159 /* DisplayAccountViewModel.swift */ = {isa = PBXFileReference; lastKnownFileType = sourcecode.swift; path = DisplayAccountViewModel.swift; sourceTree = "<group>"; };
		D2E8DDEC2A6EA76A00019159 /* BinaryDocument.swift */ = {isa = PBXFileReference; lastKnownFileType = sourcecode.swift; path = BinaryDocument.swift; sourceTree = "<group>"; };
		D2EF561C2A66FA0200D33CD4 /* GenPass.swift */ = {isa = PBXFileReference; lastKnownFileType = sourcecode.swift; path = GenPass.swift; sourceTree = "<group>"; };
		D2EF561E2A682D3E00D33CD4 /* GenPassUITests.swift */ = {isa = PBXFileReference; lastKnownFileType = sourcecode.swift; path = GenPassUITests.swift; sourceTree = "<group>"; };
		D2F7B78C2A63E335002CEDF8 /* CreateDatabaseViewModel.swift */ = {isa = PBXFileReference; lastKnownFileType = sourcecode.swift; path = CreateDatabaseViewModel.swift; sourceTree = "<group>"; };
		D2F7B78E2A64033C002CEDF8 /* PasswordField.swift */ = {isa = PBXFileReference; lastKnownFileType = sourcecode.swift; path = PasswordField.swift; sourceTree = "<group>"; };
		D2FD5A352A5FF81D003EA40F /* OpenDatabase.swift */ = {isa = PBXFileReference; lastKnownFileType = sourcecode.swift; path = OpenDatabase.swift; sourceTree = "<group>"; };
		D2FD5A3A2A600E99003EA40F /* AccountsList.swift */ = {isa = PBXFileReference; lastKnownFileType = sourcecode.swift; path = AccountsList.swift; sourceTree = "<group>"; };
		D2FD5A3C2A604610003EA40F /* main.dba */ = {isa = PBXFileReference; lastKnownFileType = text; name = main.dba; path = MyAccountsTests/sampledata/main.dba; sourceTree = SOURCE_ROOT; };
		D2FDD6262A60836900F79D8A /* MyAccounts.xctestplan */ = {isa = PBXFileReference; lastKnownFileType = text; path = MyAccounts.xctestplan; sourceTree = "<group>"; };
		D2FDD62A2A61437E00F79D8A /* Utilities.swift */ = {isa = PBXFileReference; fileEncoding = 4; lastKnownFileType = sourcecode.swift; name = Utilities.swift; path = MyAccountsUITests/Utilities.swift; sourceTree = SOURCE_ROOT; };
		DF03D0DB1DE1791614D9DAEC /* Pods-MyAccounts-MyAccountsUITests.release.xcconfig */ = {isa = PBXFileReference; includeInIndex = 1; lastKnownFileType = text.xcconfig; name = "Pods-MyAccounts-MyAccountsUITests.release.xcconfig"; path = "Target Support Files/Pods-MyAccounts-MyAccountsUITests/Pods-MyAccounts-MyAccountsUITests.release.xcconfig"; sourceTree = "<group>"; };
		E0772E393E8BDC0E5B0E3905 /* Pods_MyAccounts.framework */ = {isa = PBXFileReference; explicitFileType = wrapper.framework; includeInIndex = 0; path = Pods_MyAccounts.framework; sourceTree = BUILT_PRODUCTS_DIR; };
		E0E6DAEDBF09E65B08335F79 /* Pods-MyAccounts-MyAccountsBoard.debug.xcconfig */ = {isa = PBXFileReference; includeInIndex = 1; lastKnownFileType = text.xcconfig; name = "Pods-MyAccounts-MyAccountsBoard.debug.xcconfig"; path = "Target Support Files/Pods-MyAccounts-MyAccountsBoard/Pods-MyAccounts-MyAccountsBoard.debug.xcconfig"; sourceTree = "<group>"; };
/* End PBXFileReference section */

/* Begin PBXFrameworksBuildPhase section */
		D2935AA92A72811300FB5936 /* Frameworks */ = {
			isa = PBXFrameworksBuildPhase;
			buildActionMask = 2147483647;
			files = (
				6E23FA41EE0843A7461FF018 /* Pods_MyAccounts_MyAccountsBoard.framework in Frameworks */,
			);
			runOnlyForDeploymentPostprocessing = 0;
		};
		D2AB933E2A4BF464004334BB /* Frameworks */ = {
			isa = PBXFrameworksBuildPhase;
			buildActionMask = 2147483647;
			files = (
				4B709A770D5467824AFB20B0 /* Pods_MyAccounts.framework in Frameworks */,
			);
			runOnlyForDeploymentPostprocessing = 0;
		};
		D2AB934E2A4BF465004334BB /* Frameworks */ = {
			isa = PBXFrameworksBuildPhase;
			buildActionMask = 2147483647;
			files = (
				50E2DA4F116AE33FB8A19995 /* Pods_MyAccountsTests.framework in Frameworks */,
			);
			runOnlyForDeploymentPostprocessing = 0;
		};
		D2AB93582A4BF465004334BB /* Frameworks */ = {
			isa = PBXFrameworksBuildPhase;
			buildActionMask = 2147483647;
			files = (
				3DF505795B1610C2AE0089A3 /* Pods_MyAccounts_MyAccountsUITests.framework in Frameworks */,
			);
			runOnlyForDeploymentPostprocessing = 0;
		};
/* End PBXFrameworksBuildPhase section */

/* Begin PBXGroup section */
		7B00ADCD34152F889DC2CDAF /* Pods */ = {
			isa = PBXGroup;
			children = (
				B004358B01E77A1EB7DBC4C3 /* Pods-MyAccounts.debug.xcconfig */,
				925479D2B79F745289A48628 /* Pods-MyAccounts.release.xcconfig */,
				2D07B68272F3B3C55F777F1E /* Pods-MyAccounts-MyAccountsUITests.debug.xcconfig */,
				DF03D0DB1DE1791614D9DAEC /* Pods-MyAccounts-MyAccountsUITests.release.xcconfig */,
				2C473CD1278393EB2ACC2CCD /* Pods-MyAccountsTests.debug.xcconfig */,
				CF15A37F20ED868354A8FFA8 /* Pods-MyAccountsTests.release.xcconfig */,
				E0E6DAEDBF09E65B08335F79 /* Pods-MyAccounts-MyAccountsBoard.debug.xcconfig */,
				3D7E02A74D4CE38E318B91CE /* Pods-MyAccounts-MyAccountsBoard.release.xcconfig */,
			);
			path = Pods;
			sourceTree = "<group>";
		};
		85C36F44D37AB038E71AC980 /* Frameworks */ = {
			isa = PBXGroup;
			children = (
				E0772E393E8BDC0E5B0E3905 /* Pods_MyAccounts.framework */,
				B8B8C344D178C5F891595A4F /* Pods_MyAccounts_MyAccountsUITests.framework */,
				3BD5FE5AA6B7122A0960FA70 /* Pods_MyAccountsTests.framework */,
				04400C00F8D5E928A915439C /* Pods_MyAccounts_MyAccountsBoard.framework */,
			);
			name = Frameworks;
			sourceTree = "<group>";
		};
		D2610EF52A5EEFDD00BB100C /* EditDatabase */ = {
			isa = PBXGroup;
			children = (
				D2610EF62A5EEFEC00BB100C /* EditDatabase.swift */,
				D2DAE0832A69C2EB0044964A /* EditDatabaseViewModel.swift */,
			);
			path = EditDatabase;
			sourceTree = "<group>";
		};
		D26E0EFA2A51DC3700F47D72 /* Database */ = {
			isa = PBXGroup;
			children = (
				D26E0EFC2A51DCD200F47D72 /* DatabasesList */,
				D2FD5A342A5FF7FC003EA40F /* OpenDatabase */,
				D27CFF422A5ED485004DA27E /* CreateDatabase */,
				D2610EF52A5EEFDD00BB100C /* EditDatabase */,
				D27CEDB92A52D0580091B634 /* Database.swift */,
				D27CEDBF2A5324D10091B634 /* Fernet.swift */,
			);
			path = Database;
			sourceTree = "<group>";
		};
		D26E0EFB2A51DC6F00F47D72 /* Account */ = {
			isa = PBXGroup;
			children = (
				D2FD5A392A600E7E003EA40F /* AccountsList */,
				D2B366002A6C54060043C659 /* DisplayAccount */,
				D2B366032A6C54B50043C659 /* CreateAccount */,
				D2B366062A6C54C90043C659 /* EditAccount */,
				D27CEDBB2A52D1420091B634 /* Account.swift */,
			);
			path = Account;
			sourceTree = "<group>";
		};
		D26E0EFC2A51DCD200F47D72 /* DatabasesList */ = {
			isa = PBXGroup;
			children = (
				D26E0EFD2A51DD4400F47D72 /* DatabasesList.swift */,
				D2A602562A5843DC00BAFB54 /* DatabasesListViewModel.swift */,
				D2A6025C2A58480500BAFB54 /* DatabaseItem.swift */,
			);
			path = DatabasesList;
			sourceTree = "<group>";
		};
		D277C2502A7E429C0053C708 /* Other */ = {
			isa = PBXGroup;
			children = (
				D277C2512A7E42C90053C708 /* Settings.swift */,
				D277C2532A7E433E0053C708 /* SettingsViewModel.swift */,
			);
			path = Other;
			sourceTree = "<group>";
		};
		D27CFF422A5ED485004DA27E /* CreateDatabase */ = {
			isa = PBXGroup;
			children = (
				D27CFF432A5ED4A9004DA27E /* CreateDatabase.swift */,
				D2F7B78C2A63E335002CEDF8 /* CreateDatabaseViewModel.swift */,
			);
			path = CreateDatabase;
			sourceTree = "<group>";
		};
		D28E273E2A6D25A1009F57CE /* Account */ = {
			isa = PBXGroup;
			children = (
				D28E273F2A6D25C8009F57CE /* AccountsListUITests.swift */,
				D2774D722A6FC61000F72945 /* DisplayAccountUITests.swift */,
				D2E0D55B2A7BAFB300CB9280 /* CreateAccountUITests.swift */,
				D2BD69C32A7D0EC000A86B53 /* EditAccountUITests.swift */,
			);
			path = Account;
			sourceTree = "<group>";
		};
		D2935AAD2A72811300FB5936 /* MyAccountsBoard */ = {
			isa = PBXGroup;
			children = (
				D2935ABB2A72DE9000FB5936 /* MyAccountsBoard.entitlements */,
				D2935AAE2A72811300FB5936 /* KeyboardViewController.swift */,
				D2935AB02A72811300FB5936 /* Info.plist */,
			);
			path = MyAccountsBoard;
			sourceTree = "<group>";
		};
		D296FD5B2A62FD21006BFEE5 /* Database */ = {
			isa = PBXGroup;
			children = (
				D2AB93552A4BF465004334BB /* DatabaseTests.swift */,
				D296FD572A62FC83006BFEE5 /* DatabasesListViewModelTests.swift */,
			);
			path = Database;
			sourceTree = "<group>";
		};
		D2A6024C2A581F2A00BAFB54 /* Resources */ = {
			isa = PBXGroup;
			children = (
				D2FD5A3C2A604610003EA40F /* main.dba */,
				D2AB93482A4BF465004334BB /* Assets.xcassets */,
				D2A602532A581FDE00BAFB54 /* Localizable.strings */,
			);
			path = Resources;
			sourceTree = "<group>";
		};
		D2A602582A5846FA00BAFB54 /* Views */ = {
			isa = PBXGroup;
			children = (
				D2F7B78E2A64033C002CEDF8 /* PasswordField.swift */,
				D2C16CA62A641A8A00C72086 /* Field.swift */,
				D2EF561C2A66FA0200D33CD4 /* GenPass.swift */,
				D28E27412A6D3F31009F57CE /* SpacedText.swift */,
			);
			path = Views;
			sourceTree = "<group>";
		};
		D2A6025B2A58477300BAFB54 /* Common */ = {
			isa = PBXGroup;
			children = (
				D2B365FB2A6B17D80043C659 /* List */,
				D2A602542A58207E00BAFB54 /* Utilities.swift */,
				D26F7B602A6578BE000BB5CD /* CreateViewModel.swift */,
				D26F7B622A65BBC4000BB5CD /* ErrorModel.swift */,
			);
			path = Common;
			sourceTree = "<group>";
		};
		D2A940062A6695B000BA9D0E /* Database */ = {
			isa = PBXGroup;
			children = (
				D2AB935F2A4BF465004334BB /* DatabasesListUITests.swift */,
				D2A940042A66958800BA9D0E /* CreateDatabaseUITests.swift */,
				D2DAE0812A69BDD40044964A /* OpenDatabaseUITests.swift */,
				D2586F1C2A6A9E8D004A2F90 /* EditDatabaseUITests.swift */,
			);
			path = Database;
			sourceTree = "<group>";
		};
		D2AB93382A4BF464004334BB = {
			isa = PBXGroup;
			children = (
				D2FDD6262A60836900F79D8A /* MyAccounts.xctestplan */,
				D27CEDBE2A5311F60091B634 /* MyPlayground.playground */,
				D2AB93432A4BF464004334BB /* MyAccounts */,
				D2AB93542A4BF465004334BB /* MyAccountsTests */,
				D2AB935E2A4BF465004334BB /* MyAccountsUITests */,
				D2935AAD2A72811300FB5936 /* MyAccountsBoard */,
				D2AB93422A4BF464004334BB /* Products */,
				7B00ADCD34152F889DC2CDAF /* Pods */,
				85C36F44D37AB038E71AC980 /* Frameworks */,
			);
			sourceTree = "<group>";
		};
		D2AB93422A4BF464004334BB /* Products */ = {
			isa = PBXGroup;
			children = (
				D2AB93412A4BF464004334BB /* MyAccounts.app */,
				D2AB93512A4BF465004334BB /* MyAccountsTests.xctest */,
				D2AB935B2A4BF465004334BB /* MyAccountsUITests.xctest */,
				D2935AAC2A72811300FB5936 /* MyAccountsBoard.appex */,
			);
			name = Products;
			sourceTree = "<group>";
		};
		D2AB93432A4BF464004334BB /* MyAccounts */ = {
			isa = PBXGroup;
			children = (
				D2935ABA2A72DE6B00FB5936 /* MyAccounts.entitlements */,
				D2610EF42A5EE2E000BB100C /* Info.plist */,
				D2A6025B2A58477300BAFB54 /* Common */,
				D2A602582A5846FA00BAFB54 /* Views */,
				D2A6024C2A581F2A00BAFB54 /* Resources */,
				D26E0EFA2A51DC3700F47D72 /* Database */,
				D26E0EFB2A51DC6F00F47D72 /* Account */,
				D277C2502A7E429C0053C708 /* Other */,
				D2AB93442A4BF464004334BB /* MyAccountsApp.swift */,
				D2AB934A2A4BF465004334BB /* Preview Content */,
			);
			path = MyAccounts;
			sourceTree = "<group>";
		};
		D2AB934A2A4BF465004334BB /* Preview Content */ = {
			isa = PBXGroup;
			children = (
				D2AB934B2A4BF465004334BB /* Preview Assets.xcassets */,
			);
			path = "Preview Content";
			sourceTree = "<group>";
		};
		D2AB93542A4BF465004334BB /* MyAccountsTests */ = {
			isa = PBXGroup;
			children = (
				D2CE7EF32A5B2F3100945A0D /* sampledata */,
				D2BD69C52A7D579A00A86B53 /* Account */,
				D296FD5B2A62FD21006BFEE5 /* Database */,
				D296FD592A62FD14006BFEE5 /* BaseTest.swift */,
			);
			path = MyAccountsTests;
			sourceTree = "<group>";
		};
		D2AB935E2A4BF465004334BB /* MyAccountsUITests */ = {
			isa = PBXGroup;
			children = (
				D28E273E2A6D25A1009F57CE /* Account */,
				D2A940062A6695B000BA9D0E /* Database */,
				D2FDD62A2A61437E00F79D8A /* Utilities.swift */,
				D2A940072A6695CF00BA9D0E /* BaseTest.swift */,
				D2EF561E2A682D3E00D33CD4 /* GenPassUITests.swift */,
			);
			path = MyAccountsUITests;
			sourceTree = "<group>";
		};
		D2B365FB2A6B17D80043C659 /* List */ = {
			isa = PBXGroup;
			children = (
				D2586F222A6B158A004A2F90 /* ListItemView.swift */,
				D2B365F92A6B17D20043C659 /* ListItem.swift */,
				D2B365FC2A6B1A310043C659 /* ListViewModel.swift */,
				D2B365FE2A6C155B0043C659 /* ItemsList.swift */,
			);
			path = List;
			sourceTree = "<group>";
		};
		D2B366002A6C54060043C659 /* DisplayAccount */ = {
			isa = PBXGroup;
			children = (
				D2B366012A6C54200043C659 /* DisplayAccount.swift */,
				D2E8DDEA2A6E944000019159 /* DisplayAccountViewModel.swift */,
				D2E8DDEC2A6EA76A00019159 /* BinaryDocument.swift */,
			);
			path = DisplayAccount;
			sourceTree = "<group>";
		};
		D2B366032A6C54B50043C659 /* CreateAccount */ = {
			isa = PBXGroup;
			children = (
				D2B366042A6C54C30043C659 /* CreateAccount.swift */,
				D2B171462A7A4B07009EF12F /* CreateAccountViewModel.swift */,
				D2B171482A7A7143009EF12F /* AttachedFiles.swift */,
			);
			path = CreateAccount;
			sourceTree = "<group>";
		};
		D2B366062A6C54C90043C659 /* EditAccount */ = {
			isa = PBXGroup;
			children = (
				D2B366072A6C54D70043C659 /* EditAccount.swift */,
				D2E0D55D2A7C19A700CB9280 /* EditAccountViewModel.swift */,
			);
			path = EditAccount;
			sourceTree = "<group>";
		};
		D2BD69C52A7D579A00A86B53 /* Account */ = {
			isa = PBXGroup;
			children = (
				D2BD69C62A7D57B200A86B53 /* EditAccountViewModelTests.swift */,
			);
			path = Account;
			sourceTree = "<group>";
		};
		D2CE7EF32A5B2F3100945A0D /* sampledata */ = {
			isa = PBXGroup;
			children = (
				D2CE7EF12A5AFF8400945A0D /* main.dba */,
				D2CE7EF42A5B306C00945A0D /* DatabaseData.swift */,
				D2BD69C82A7D5F1100A86B53 /* testfile.txt */,
			);
			path = sampledata;
			sourceTree = "<group>";
		};
		D2FD5A342A5FF7FC003EA40F /* OpenDatabase */ = {
			isa = PBXGroup;
			children = (
				D2FD5A352A5FF81D003EA40F /* OpenDatabase.swift */,
				D2DAE07F2A697EDE0044964A /* OpenDatabaseViewModel.swift */,
			);
			path = OpenDatabase;
			sourceTree = "<group>";
		};
		D2FD5A392A600E7E003EA40F /* AccountsList */ = {
			isa = PBXGroup;
			children = (
				D2FD5A3A2A600E99003EA40F /* AccountsList.swift */,
				D2586F1E2A6AB681004A2F90 /* AccountItem.swift */,
				D2586F202A6AB8E5004A2F90 /* AccountsListViewModel.swift */,
			);
			path = AccountsList;
			sourceTree = "<group>";
		};
/* End PBXGroup section */

/* Begin PBXNativeTarget section */
		D2935AAB2A72811300FB5936 /* MyAccountsBoard */ = {
			isa = PBXNativeTarget;
			buildConfigurationList = D2935AB72A72811300FB5936 /* Build configuration list for PBXNativeTarget "MyAccountsBoard" */;
			buildPhases = (
				37D4DB4CA62D37A976711493 /* [CP] Check Pods Manifest.lock */,
				D2935AA82A72811300FB5936 /* Sources */,
				D2935AA92A72811300FB5936 /* Frameworks */,
				D2935AAA2A72811300FB5936 /* Resources */,
			);
			buildRules = (
			);
			dependencies = (
			);
			name = MyAccountsBoard;
			productName = MyAccountsBoard;
			productReference = D2935AAC2A72811300FB5936 /* MyAccountsBoard.appex */;
			productType = "com.apple.product-type.app-extension";
		};
		D2AB93402A4BF464004334BB /* MyAccounts */ = {
			isa = PBXNativeTarget;
			buildConfigurationList = D2AB93652A4BF465004334BB /* Build configuration list for PBXNativeTarget "MyAccounts" */;
			buildPhases = (
				1A71E63173DE239DEC280EE2 /* [CP] Check Pods Manifest.lock */,
				D2AB933D2A4BF464004334BB /* Sources */,
				D2AB933E2A4BF464004334BB /* Frameworks */,
				D2AB933F2A4BF464004334BB /* Resources */,
				D22C5BFE2A4C5F9800D95DF9 /* ShellScript */,
				095B0F5C935056209CEB20A3 /* [CP] Embed Pods Frameworks */,
				D2935AB42A72811300FB5936 /* Embed Foundation Extensions */,
			);
			buildRules = (
			);
			dependencies = (
				D2935AB22A72811300FB5936 /* PBXTargetDependency */,
			);
			name = MyAccounts;
			productName = MyAccounts;
			productReference = D2AB93412A4BF464004334BB /* MyAccounts.app */;
			productType = "com.apple.product-type.application";
		};
		D2AB93502A4BF465004334BB /* MyAccountsTests */ = {
			isa = PBXNativeTarget;
			buildConfigurationList = D2AB93682A4BF465004334BB /* Build configuration list for PBXNativeTarget "MyAccountsTests" */;
			buildPhases = (
				83FCA1C3694A9BE179ECB645 /* [CP] Check Pods Manifest.lock */,
				D2AB934D2A4BF465004334BB /* Sources */,
				D2AB934E2A4BF465004334BB /* Frameworks */,
				D2AB934F2A4BF465004334BB /* Resources */,
			);
			buildRules = (
			);
			dependencies = (
				D2AB93532A4BF465004334BB /* PBXTargetDependency */,
			);
			name = MyAccountsTests;
			productName = MyAccountsTests;
			productReference = D2AB93512A4BF465004334BB /* MyAccountsTests.xctest */;
			productType = "com.apple.product-type.bundle.unit-test";
		};
		D2AB935A2A4BF465004334BB /* MyAccountsUITests */ = {
			isa = PBXNativeTarget;
			buildConfigurationList = D2AB936B2A4BF465004334BB /* Build configuration list for PBXNativeTarget "MyAccountsUITests" */;
			buildPhases = (
				6AD6EE1B63DC0FE5FBEEE0D7 /* [CP] Check Pods Manifest.lock */,
				D2AB93572A4BF465004334BB /* Sources */,
				D2AB93582A4BF465004334BB /* Frameworks */,
				D2AB93592A4BF465004334BB /* Resources */,
				B5FA0E9B33C39F4A9713A9BF /* [CP] Embed Pods Frameworks */,
			);
			buildRules = (
			);
			dependencies = (
				D2AB935D2A4BF465004334BB /* PBXTargetDependency */,
			);
			name = MyAccountsUITests;
			productName = MyAccountsUITests;
			productReference = D2AB935B2A4BF465004334BB /* MyAccountsUITests.xctest */;
			productType = "com.apple.product-type.bundle.ui-testing";
		};
/* End PBXNativeTarget section */

/* Begin PBXProject section */
		D2AB93392A4BF464004334BB /* Project object */ = {
			isa = PBXProject;
			attributes = {
				BuildIndependentTargetsInParallel = 1;
				LastSwiftUpdateCheck = 1430;
				LastUpgradeCheck = 1430;
				TargetAttributes = {
					D2935AAB2A72811300FB5936 = {
						CreatedOnToolsVersion = 14.3.1;
					};
					D2AB93402A4BF464004334BB = {
						CreatedOnToolsVersion = 14.3.1;
					};
					D2AB93502A4BF465004334BB = {
						CreatedOnToolsVersion = 14.3.1;
						TestTargetID = D2AB93402A4BF464004334BB;
					};
					D2AB935A2A4BF465004334BB = {
						CreatedOnToolsVersion = 14.3.1;
						TestTargetID = D2AB93402A4BF464004334BB;
					};
				};
			};
			buildConfigurationList = D2AB933C2A4BF464004334BB /* Build configuration list for PBXProject "MyAccounts" */;
			compatibilityVersion = "Xcode 14.0";
			developmentRegion = en;
			hasScannedForEncodings = 0;
			knownRegions = (
				en,
				Base,
			);
			mainGroup = D2AB93382A4BF464004334BB;
			productRefGroup = D2AB93422A4BF464004334BB /* Products */;
			projectDirPath = "";
			projectRoot = "";
			targets = (
				D2AB93402A4BF464004334BB /* MyAccounts */,
				D2AB93502A4BF465004334BB /* MyAccountsTests */,
				D2AB935A2A4BF465004334BB /* MyAccountsUITests */,
				D2935AAB2A72811300FB5936 /* MyAccountsBoard */,
			);
		};
/* End PBXProject section */

/* Begin PBXResourcesBuildPhase section */
		D2935AAA2A72811300FB5936 /* Resources */ = {
			isa = PBXResourcesBuildPhase;
			buildActionMask = 2147483647;
			files = (
			);
			runOnlyForDeploymentPostprocessing = 0;
		};
		D2AB933F2A4BF464004334BB /* Resources */ = {
			isa = PBXResourcesBuildPhase;
			buildActionMask = 2147483647;
			files = (
				D2AB934C2A4BF465004334BB /* Preview Assets.xcassets in Resources */,
				D2A602512A581FDE00BAFB54 /* Localizable.strings in Resources */,
				D2FD5A3D2A604610003EA40F /* main.dba in Resources */,
				D2AB93492A4BF465004334BB /* Assets.xcassets in Resources */,
			);
			runOnlyForDeploymentPostprocessing = 0;
		};
		D2AB934F2A4BF465004334BB /* Resources */ = {
			isa = PBXResourcesBuildPhase;
			buildActionMask = 2147483647;
			files = (
				D2BD69C92A7D5F1100A86B53 /* testfile.txt in Resources */,
				D2CE7EF22A5AFF8400945A0D /* main.dba in Resources */,
			);
			runOnlyForDeploymentPostprocessing = 0;
		};
		D2AB93592A4BF465004334BB /* Resources */ = {
			isa = PBXResourcesBuildPhase;
			buildActionMask = 2147483647;
			files = (
				D2FDD6292A608F9C00F79D8A /* Localizable.strings in Resources */,
			);
			runOnlyForDeploymentPostprocessing = 0;
		};
/* End PBXResourcesBuildPhase section */

/* Begin PBXShellScriptBuildPhase section */
		095B0F5C935056209CEB20A3 /* [CP] Embed Pods Frameworks */ = {
			isa = PBXShellScriptBuildPhase;
			buildActionMask = 2147483647;
			files = (
			);
			inputFileListPaths = (
				"${PODS_ROOT}/Target Support Files/Pods-MyAccounts/Pods-MyAccounts-frameworks-${CONFIGURATION}-input-files.xcfilelist",
			);
			name = "[CP] Embed Pods Frameworks";
			outputFileListPaths = (
				"${PODS_ROOT}/Target Support Files/Pods-MyAccounts/Pods-MyAccounts-frameworks-${CONFIGURATION}-output-files.xcfilelist",
			);
			runOnlyForDeploymentPostprocessing = 0;
			shellPath = /bin/sh;
			shellScript = "\"${PODS_ROOT}/Target Support Files/Pods-MyAccounts/Pods-MyAccounts-frameworks.sh\"\n";
			showEnvVarsInLog = 0;
		};
		1A71E63173DE239DEC280EE2 /* [CP] Check Pods Manifest.lock */ = {
			isa = PBXShellScriptBuildPhase;
			buildActionMask = 2147483647;
			files = (
			);
			inputFileListPaths = (
			);
			inputPaths = (
				"${PODS_PODFILE_DIR_PATH}/Podfile.lock",
				"${PODS_ROOT}/Manifest.lock",
			);
			name = "[CP] Check Pods Manifest.lock";
			outputFileListPaths = (
			);
			outputPaths = (
				"$(DERIVED_FILE_DIR)/Pods-MyAccounts-checkManifestLockResult.txt",
			);
			runOnlyForDeploymentPostprocessing = 0;
			shellPath = /bin/sh;
			shellScript = "diff \"${PODS_PODFILE_DIR_PATH}/Podfile.lock\" \"${PODS_ROOT}/Manifest.lock\" > /dev/null\nif [ $? != 0 ] ; then\n    # print error to STDERR\n    echo \"error: The sandbox is not in sync with the Podfile.lock. Run 'pod install' or update your CocoaPods installation.\" >&2\n    exit 1\nfi\n# This output is used by Xcode 'outputs' to avoid re-running this script phase.\necho \"SUCCESS\" > \"${SCRIPT_OUTPUT_FILE_0}\"\n";
			showEnvVarsInLog = 0;
		};
		37D4DB4CA62D37A976711493 /* [CP] Check Pods Manifest.lock */ = {
			isa = PBXShellScriptBuildPhase;
			buildActionMask = 2147483647;
			files = (
			);
			inputFileListPaths = (
			);
			inputPaths = (
				"${PODS_PODFILE_DIR_PATH}/Podfile.lock",
				"${PODS_ROOT}/Manifest.lock",
			);
			name = "[CP] Check Pods Manifest.lock";
			outputFileListPaths = (
			);
			outputPaths = (
				"$(DERIVED_FILE_DIR)/Pods-MyAccounts-MyAccountsBoard-checkManifestLockResult.txt",
			);
			runOnlyForDeploymentPostprocessing = 0;
			shellPath = /bin/sh;
			shellScript = "diff \"${PODS_PODFILE_DIR_PATH}/Podfile.lock\" \"${PODS_ROOT}/Manifest.lock\" > /dev/null\nif [ $? != 0 ] ; then\n    # print error to STDERR\n    echo \"error: The sandbox is not in sync with the Podfile.lock. Run 'pod install' or update your CocoaPods installation.\" >&2\n    exit 1\nfi\n# This output is used by Xcode 'outputs' to avoid re-running this script phase.\necho \"SUCCESS\" > \"${SCRIPT_OUTPUT_FILE_0}\"\n";
			showEnvVarsInLog = 0;
		};
		6AD6EE1B63DC0FE5FBEEE0D7 /* [CP] Check Pods Manifest.lock */ = {
			isa = PBXShellScriptBuildPhase;
			buildActionMask = 2147483647;
			files = (
			);
			inputFileListPaths = (
			);
			inputPaths = (
				"${PODS_PODFILE_DIR_PATH}/Podfile.lock",
				"${PODS_ROOT}/Manifest.lock",
			);
			name = "[CP] Check Pods Manifest.lock";
			outputFileListPaths = (
			);
			outputPaths = (
				"$(DERIVED_FILE_DIR)/Pods-MyAccounts-MyAccountsUITests-checkManifestLockResult.txt",
			);
			runOnlyForDeploymentPostprocessing = 0;
			shellPath = /bin/sh;
			shellScript = "diff \"${PODS_PODFILE_DIR_PATH}/Podfile.lock\" \"${PODS_ROOT}/Manifest.lock\" > /dev/null\nif [ $? != 0 ] ; then\n    # print error to STDERR\n    echo \"error: The sandbox is not in sync with the Podfile.lock. Run 'pod install' or update your CocoaPods installation.\" >&2\n    exit 1\nfi\n# This output is used by Xcode 'outputs' to avoid re-running this script phase.\necho \"SUCCESS\" > \"${SCRIPT_OUTPUT_FILE_0}\"\n";
			showEnvVarsInLog = 0;
		};
		83FCA1C3694A9BE179ECB645 /* [CP] Check Pods Manifest.lock */ = {
			isa = PBXShellScriptBuildPhase;
			buildActionMask = 2147483647;
			files = (
			);
			inputFileListPaths = (
			);
			inputPaths = (
				"${PODS_PODFILE_DIR_PATH}/Podfile.lock",
				"${PODS_ROOT}/Manifest.lock",
			);
			name = "[CP] Check Pods Manifest.lock";
			outputFileListPaths = (
			);
			outputPaths = (
				"$(DERIVED_FILE_DIR)/Pods-MyAccountsTests-checkManifestLockResult.txt",
			);
			runOnlyForDeploymentPostprocessing = 0;
			shellPath = /bin/sh;
			shellScript = "diff \"${PODS_PODFILE_DIR_PATH}/Podfile.lock\" \"${PODS_ROOT}/Manifest.lock\" > /dev/null\nif [ $? != 0 ] ; then\n    # print error to STDERR\n    echo \"error: The sandbox is not in sync with the Podfile.lock. Run 'pod install' or update your CocoaPods installation.\" >&2\n    exit 1\nfi\n# This output is used by Xcode 'outputs' to avoid re-running this script phase.\necho \"SUCCESS\" > \"${SCRIPT_OUTPUT_FILE_0}\"\n";
			showEnvVarsInLog = 0;
		};
		B5FA0E9B33C39F4A9713A9BF /* [CP] Embed Pods Frameworks */ = {
			isa = PBXShellScriptBuildPhase;
			buildActionMask = 2147483647;
			files = (
			);
			inputFileListPaths = (
				"${PODS_ROOT}/Target Support Files/Pods-MyAccounts-MyAccountsUITests/Pods-MyAccounts-MyAccountsUITests-frameworks-${CONFIGURATION}-input-files.xcfilelist",
			);
			name = "[CP] Embed Pods Frameworks";
			outputFileListPaths = (
				"${PODS_ROOT}/Target Support Files/Pods-MyAccounts-MyAccountsUITests/Pods-MyAccounts-MyAccountsUITests-frameworks-${CONFIGURATION}-output-files.xcfilelist",
			);
			runOnlyForDeploymentPostprocessing = 0;
			shellPath = /bin/sh;
			shellScript = "\"${PODS_ROOT}/Target Support Files/Pods-MyAccounts-MyAccountsUITests/Pods-MyAccounts-MyAccountsUITests-frameworks.sh\"\n";
			showEnvVarsInLog = 0;
		};
		D22C5BFE2A4C5F9800D95DF9 /* ShellScript */ = {
			isa = PBXShellScriptBuildPhase;
			alwaysOutOfDate = 1;
			buildActionMask = 2147483647;
			files = (
			);
			inputFileListPaths = (
			);
			inputPaths = (
			);
			outputFileListPaths = (
			);
			outputPaths = (
			);
			runOnlyForDeploymentPostprocessing = 0;
			shellPath = /bin/sh;
			shellScript = "if [[ \"$(uname -m)\" == arm64 ]]; then\n    export PATH=\"/opt/homebrew/bin:$PATH\"\nfi\n\nif which swiftlint >/dev/null; then\n    swiftlint --fix && swiftlint\nelse\n    echo \"warning: SwiftLint is not installed.\"\n    exit 1\nfi\n";
		};
/* End PBXShellScriptBuildPhase section */

/* Begin PBXSourcesBuildPhase section */
		D2935AA82A72811300FB5936 /* Sources */ = {
			isa = PBXSourcesBuildPhase;
			buildActionMask = 2147483647;
			files = (
				D2935AAF2A72811300FB5936 /* KeyboardViewController.swift in Sources */,
			);
			runOnlyForDeploymentPostprocessing = 0;
		};
		D2AB933D2A4BF464004334BB /* Sources */ = {
			isa = PBXSourcesBuildPhase;
			buildActionMask = 2147483647;
			files = (
				D26F7B632A65BBC4000BB5CD /* ErrorModel.swift in Sources */,
				D2586F232A6B158A004A2F90 /* ListItemView.swift in Sources */,
				D28E27422A6D3F31009F57CE /* SpacedText.swift in Sources */,
				D27CEDBC2A52D1420091B634 /* Account.swift in Sources */,
				D2A602552A58207E00BAFB54 /* Utilities.swift in Sources */,
				D26F7B612A6578BE000BB5CD /* CreateViewModel.swift in Sources */,
				D277C2522A7E42C90053C708 /* Settings.swift in Sources */,
				D2610EF72A5EEFEC00BB100C /* EditDatabase.swift in Sources */,
				D2B171472A7A4B07009EF12F /* CreateAccountViewModel.swift in Sources */,
				D2DAE0842A69C2EB0044964A /* EditDatabaseViewModel.swift in Sources */,
				D2AB93452A4BF464004334BB /* MyAccountsApp.swift in Sources */,
				D2B365FF2A6C155B0043C659 /* ItemsList.swift in Sources */,
				D27CEDC02A5324D10091B634 /* Fernet.swift in Sources */,
				D277C2542A7E433E0053C708 /* SettingsViewModel.swift in Sources */,
				D2586F1F2A6AB681004A2F90 /* AccountItem.swift in Sources */,
				D2B366052A6C54C30043C659 /* CreateAccount.swift in Sources */,
				D2B366022A6C54200043C659 /* DisplayAccount.swift in Sources */,
				D2E0D55E2A7C19A700CB9280 /* EditAccountViewModel.swift in Sources */,
				D2B171492A7A7143009EF12F /* AttachedFiles.swift in Sources */,
				D2C16CA72A641A8A00C72086 /* Field.swift in Sources */,
				D2586F212A6AB8E5004A2F90 /* AccountsListViewModel.swift in Sources */,
				D2F7B78D2A63E335002CEDF8 /* CreateDatabaseViewModel.swift in Sources */,
				D2B366082A6C54D70043C659 /* EditAccount.swift in Sources */,
				D2DAE0802A697EDE0044964A /* OpenDatabaseViewModel.swift in Sources */,
				D2E8DDED2A6EA76A00019159 /* BinaryDocument.swift in Sources */,
				D2EF561D2A66FA0200D33CD4 /* GenPass.swift in Sources */,
				D2B365FD2A6B1A310043C659 /* ListViewModel.swift in Sources */,
				D2FD5A3B2A600E99003EA40F /* AccountsList.swift in Sources */,
				D2E8DDEB2A6E944000019159 /* DisplayAccountViewModel.swift in Sources */,
				D27CEDBA2A52D0580091B634 /* Database.swift in Sources */,
				D26E0EFE2A51DD4400F47D72 /* DatabasesList.swift in Sources */,
				D2A602572A5843DC00BAFB54 /* DatabasesListViewModel.swift in Sources */,
				D2B365FA2A6B17D20043C659 /* ListItem.swift in Sources */,
				D27CFF442A5ED4A9004DA27E /* CreateDatabase.swift in Sources */,
				D2F7B78F2A64033C002CEDF8 /* PasswordField.swift in Sources */,
				D2FD5A362A5FF81D003EA40F /* OpenDatabase.swift in Sources */,
				D2A6025D2A58480500BAFB54 /* DatabaseItem.swift in Sources */,
			);
			runOnlyForDeploymentPostprocessing = 0;
		};
		D2AB934D2A4BF465004334BB /* Sources */ = {
			isa = PBXSourcesBuildPhase;
			buildActionMask = 2147483647;
			files = (
				D2BD69C72A7D57B200A86B53 /* EditAccountViewModelTests.swift in Sources */,
				D296FD5A2A62FD14006BFEE5 /* BaseTest.swift in Sources */,
				D2CE7EF52A5B306C00945A0D /* DatabaseData.swift in Sources */,
				D296FD582A62FC83006BFEE5 /* DatabasesListViewModelTests.swift in Sources */,
				D2AB93562A4BF465004334BB /* DatabaseTests.swift in Sources */,
			);
			runOnlyForDeploymentPostprocessing = 0;
		};
		D2AB93572A4BF465004334BB /* Sources */ = {
			isa = PBXSourcesBuildPhase;
			buildActionMask = 2147483647;
			files = (
				D2BD69C42A7D0EC000A86B53 /* EditAccountUITests.swift in Sources */,
				D2586F1D2A6A9E8D004A2F90 /* EditDatabaseUITests.swift in Sources */,
				D28E27402A6D25C8009F57CE /* AccountsListUITests.swift in Sources */,
				D2A940082A6695CF00BA9D0E /* BaseTest.swift in Sources */,
				D2E0D55C2A7BAFB300CB9280 /* CreateAccountUITests.swift in Sources */,
				D2A940052A66958800BA9D0E /* CreateDatabaseUITests.swift in Sources */,
				D2DAE0822A69BDD40044964A /* OpenDatabaseUITests.swift in Sources */,
				D2774D732A6FC61000F72945 /* DisplayAccountUITests.swift in Sources */,
				D2FDD62C2A61438600F79D8A /* Utilities.swift in Sources */,
				D2AB93602A4BF465004334BB /* DatabasesListUITests.swift in Sources */,
				D2EF561F2A682D3E00D33CD4 /* GenPassUITests.swift in Sources */,
			);
			runOnlyForDeploymentPostprocessing = 0;
		};
/* End PBXSourcesBuildPhase section */

/* Begin PBXTargetDependency section */
		D2935AB22A72811300FB5936 /* PBXTargetDependency */ = {
			isa = PBXTargetDependency;
			target = D2935AAB2A72811300FB5936 /* MyAccountsBoard */;
			targetProxy = D2935AB12A72811300FB5936 /* PBXContainerItemProxy */;
		};
		D2AB93532A4BF465004334BB /* PBXTargetDependency */ = {
			isa = PBXTargetDependency;
			target = D2AB93402A4BF464004334BB /* MyAccounts */;
			targetProxy = D2AB93522A4BF465004334BB /* PBXContainerItemProxy */;
		};
		D2AB935D2A4BF465004334BB /* PBXTargetDependency */ = {
			isa = PBXTargetDependency;
			target = D2AB93402A4BF464004334BB /* MyAccounts */;
			targetProxy = D2AB935C2A4BF465004334BB /* PBXContainerItemProxy */;
		};
/* End PBXTargetDependency section */

/* Begin PBXVariantGroup section */
		D2A602532A581FDE00BAFB54 /* Localizable.strings */ = {
			isa = PBXVariantGroup;
			children = (
				D2A602522A581FDE00BAFB54 /* en */,
			);
			name = Localizable.strings;
			sourceTree = "<group>";
		};
/* End PBXVariantGroup section */

/* Begin XCBuildConfiguration section */
		D2935AB52A72811300FB5936 /* Debug */ = {
			isa = XCBuildConfiguration;
			baseConfigurationReference = E0E6DAEDBF09E65B08335F79 /* Pods-MyAccounts-MyAccountsBoard.debug.xcconfig */;
			buildSettings = {
				CODE_SIGN_ENTITLEMENTS = MyAccountsBoard/MyAccountsBoard.entitlements;
				CODE_SIGN_STYLE = Automatic;
				CURRENT_PROJECT_VERSION = 1;
				DEVELOPMENT_TEAM = URTVUTC478;
				GENERATE_INFOPLIST_FILE = YES;
				INFOPLIST_FILE = MyAccountsBoard/Info.plist;
				INFOPLIST_KEY_CFBundleDisplayName = "Password Keyboard";
				INFOPLIST_KEY_NSHumanReadableCopyright = "";
				LD_RUNPATH_SEARCH_PATHS = (
					"$(inherited)",
					"@executable_path/Frameworks",
					"@executable_path/../../Frameworks",
				);
				MARKETING_VERSION = 1.0;
				PRODUCT_BUNDLE_IDENTIFIER = com.acmpo6ou.myaccounts.MyAccounts.MyAccountsBoard;
				PRODUCT_NAME = "$(TARGET_NAME)";
				SKIP_INSTALL = YES;
				SWIFT_EMIT_LOC_STRINGS = YES;
				SWIFT_VERSION = 5.0;
				TARGETED_DEVICE_FAMILY = "1,2";
			};
			name = Debug;
		};
		D2935AB62A72811300FB5936 /* Release */ = {
			isa = XCBuildConfiguration;
			baseConfigurationReference = 3D7E02A74D4CE38E318B91CE /* Pods-MyAccounts-MyAccountsBoard.release.xcconfig */;
			buildSettings = {
				CODE_SIGN_ENTITLEMENTS = MyAccountsBoard/MyAccountsBoard.entitlements;
				CODE_SIGN_STYLE = Automatic;
				CURRENT_PROJECT_VERSION = 1;
				DEVELOPMENT_TEAM = URTVUTC478;
				GENERATE_INFOPLIST_FILE = YES;
				INFOPLIST_FILE = MyAccountsBoard/Info.plist;
				INFOPLIST_KEY_CFBundleDisplayName = "Password Keyboard";
				INFOPLIST_KEY_NSHumanReadableCopyright = "";
				LD_RUNPATH_SEARCH_PATHS = (
					"$(inherited)",
					"@executable_path/Frameworks",
					"@executable_path/../../Frameworks",
				);
				MARKETING_VERSION = 1.0;
				PRODUCT_BUNDLE_IDENTIFIER = com.acmpo6ou.myaccounts.MyAccounts.MyAccountsBoard;
				PRODUCT_NAME = "$(TARGET_NAME)";
				SKIP_INSTALL = YES;
				SWIFT_EMIT_LOC_STRINGS = YES;
				SWIFT_VERSION = 5.0;
				TARGETED_DEVICE_FAMILY = "1,2";
			};
			name = Release;
		};
		D2AB93632A4BF465004334BB /* Debug */ = {
			isa = XCBuildConfiguration;
			buildSettings = {
				ALWAYS_SEARCH_USER_PATHS = NO;
				CLANG_ANALYZER_NONNULL = YES;
				CLANG_ANALYZER_NUMBER_OBJECT_CONVERSION = YES_AGGRESSIVE;
				CLANG_CXX_LANGUAGE_STANDARD = "gnu++20";
				CLANG_ENABLE_MODULES = YES;
				CLANG_ENABLE_OBJC_ARC = YES;
				CLANG_ENABLE_OBJC_WEAK = YES;
				CLANG_WARN_BLOCK_CAPTURE_AUTORELEASING = YES;
				CLANG_WARN_BOOL_CONVERSION = YES;
				CLANG_WARN_COMMA = YES;
				CLANG_WARN_CONSTANT_CONVERSION = YES;
				CLANG_WARN_DEPRECATED_OBJC_IMPLEMENTATIONS = YES;
				CLANG_WARN_DIRECT_OBJC_ISA_USAGE = YES_ERROR;
				CLANG_WARN_DOCUMENTATION_COMMENTS = YES;
				CLANG_WARN_EMPTY_BODY = YES;
				CLANG_WARN_ENUM_CONVERSION = YES;
				CLANG_WARN_INFINITE_RECURSION = YES;
				CLANG_WARN_INT_CONVERSION = YES;
				CLANG_WARN_NON_LITERAL_NULL_CONVERSION = YES;
				CLANG_WARN_OBJC_IMPLICIT_RETAIN_SELF = YES;
				CLANG_WARN_OBJC_LITERAL_CONVERSION = YES;
				CLANG_WARN_OBJC_ROOT_CLASS = YES_ERROR;
				CLANG_WARN_QUOTED_INCLUDE_IN_FRAMEWORK_HEADER = YES;
				CLANG_WARN_RANGE_LOOP_ANALYSIS = YES;
				CLANG_WARN_STRICT_PROTOTYPES = YES;
				CLANG_WARN_SUSPICIOUS_MOVE = YES;
				CLANG_WARN_UNGUARDED_AVAILABILITY = YES_AGGRESSIVE;
				CLANG_WARN_UNREACHABLE_CODE = YES;
				CLANG_WARN__DUPLICATE_METHOD_MATCH = YES;
				COPY_PHASE_STRIP = NO;
				DEBUG_INFORMATION_FORMAT = dwarf;
				ENABLE_STRICT_OBJC_MSGSEND = YES;
				ENABLE_TESTABILITY = YES;
				GCC_C_LANGUAGE_STANDARD = gnu11;
				GCC_DYNAMIC_NO_PIC = NO;
				GCC_NO_COMMON_BLOCKS = YES;
				GCC_OPTIMIZATION_LEVEL = 0;
				GCC_PREPROCESSOR_DEFINITIONS = (
					"DEBUG=1",
					"$(inherited)",
				);
				GCC_WARN_64_TO_32_BIT_CONVERSION = YES;
				GCC_WARN_ABOUT_RETURN_TYPE = YES_ERROR;
				GCC_WARN_UNDECLARED_SELECTOR = YES;
				GCC_WARN_UNINITIALIZED_AUTOS = YES_AGGRESSIVE;
				GCC_WARN_UNUSED_FUNCTION = YES;
				GCC_WARN_UNUSED_PARAMETER = YES;
				GCC_WARN_UNUSED_VARIABLE = YES;
				IPHONEOS_DEPLOYMENT_TARGET = 16.4;
				MTL_ENABLE_DEBUG_INFO = INCLUDE_SOURCE;
				MTL_FAST_MATH = YES;
				ONLY_ACTIVE_ARCH = YES;
				SDKROOT = iphoneos;
				SWIFT_ACTIVE_COMPILATION_CONDITIONS = DEBUG;
				SWIFT_OPTIMIZATION_LEVEL = "-Onone";
			};
			name = Debug;
		};
		D2AB93642A4BF465004334BB /* Release */ = {
			isa = XCBuildConfiguration;
			buildSettings = {
				ALWAYS_SEARCH_USER_PATHS = NO;
				CLANG_ANALYZER_NONNULL = YES;
				CLANG_ANALYZER_NUMBER_OBJECT_CONVERSION = YES_AGGRESSIVE;
				CLANG_CXX_LANGUAGE_STANDARD = "gnu++20";
				CLANG_ENABLE_MODULES = YES;
				CLANG_ENABLE_OBJC_ARC = YES;
				CLANG_ENABLE_OBJC_WEAK = YES;
				CLANG_WARN_BLOCK_CAPTURE_AUTORELEASING = YES;
				CLANG_WARN_BOOL_CONVERSION = YES;
				CLANG_WARN_COMMA = YES;
				CLANG_WARN_CONSTANT_CONVERSION = YES;
				CLANG_WARN_DEPRECATED_OBJC_IMPLEMENTATIONS = YES;
				CLANG_WARN_DIRECT_OBJC_ISA_USAGE = YES_ERROR;
				CLANG_WARN_DOCUMENTATION_COMMENTS = YES;
				CLANG_WARN_EMPTY_BODY = YES;
				CLANG_WARN_ENUM_CONVERSION = YES;
				CLANG_WARN_INFINITE_RECURSION = YES;
				CLANG_WARN_INT_CONVERSION = YES;
				CLANG_WARN_NON_LITERAL_NULL_CONVERSION = YES;
				CLANG_WARN_OBJC_IMPLICIT_RETAIN_SELF = YES;
				CLANG_WARN_OBJC_LITERAL_CONVERSION = YES;
				CLANG_WARN_OBJC_ROOT_CLASS = YES_ERROR;
				CLANG_WARN_QUOTED_INCLUDE_IN_FRAMEWORK_HEADER = YES;
				CLANG_WARN_RANGE_LOOP_ANALYSIS = YES;
				CLANG_WARN_STRICT_PROTOTYPES = YES;
				CLANG_WARN_SUSPICIOUS_MOVE = YES;
				CLANG_WARN_UNGUARDED_AVAILABILITY = YES_AGGRESSIVE;
				CLANG_WARN_UNREACHABLE_CODE = YES;
				CLANG_WARN__DUPLICATE_METHOD_MATCH = YES;
				COPY_PHASE_STRIP = NO;
				DEBUG_INFORMATION_FORMAT = "dwarf-with-dsym";
				ENABLE_NS_ASSERTIONS = NO;
				ENABLE_STRICT_OBJC_MSGSEND = YES;
				GCC_C_LANGUAGE_STANDARD = gnu11;
				GCC_NO_COMMON_BLOCKS = YES;
				GCC_WARN_64_TO_32_BIT_CONVERSION = YES;
				GCC_WARN_ABOUT_RETURN_TYPE = YES_ERROR;
				GCC_WARN_UNDECLARED_SELECTOR = YES;
				GCC_WARN_UNINITIALIZED_AUTOS = YES_AGGRESSIVE;
				GCC_WARN_UNUSED_FUNCTION = YES;
				GCC_WARN_UNUSED_PARAMETER = YES;
				GCC_WARN_UNUSED_VARIABLE = YES;
				IPHONEOS_DEPLOYMENT_TARGET = 16.4;
				MTL_ENABLE_DEBUG_INFO = NO;
				MTL_FAST_MATH = YES;
				SDKROOT = iphoneos;
				SWIFT_COMPILATION_MODE = wholemodule;
				SWIFT_OPTIMIZATION_LEVEL = "-O";
				VALIDATE_PRODUCT = YES;
			};
			name = Release;
		};
		D2AB93662A4BF465004334BB /* Debug */ = {
			isa = XCBuildConfiguration;
			baseConfigurationReference = B004358B01E77A1EB7DBC4C3 /* Pods-MyAccounts.debug.xcconfig */;
			buildSettings = {
				ASSETCATALOG_COMPILER_APPICON_NAME = AppIcon;
				ASSETCATALOG_COMPILER_GLOBAL_ACCENT_COLOR_NAME = AccentColor;
				CODE_SIGN_ENTITLEMENTS = MyAccounts/MyAccounts.entitlements;
				CODE_SIGN_STYLE = Automatic;
				CURRENT_PROJECT_VERSION = 1;
				DEVELOPMENT_ASSET_PATHS = "\"MyAccounts/Preview Content\"";
				DEVELOPMENT_TEAM = URTVUTC478;
				ENABLE_PREVIEWS = YES;
				GENERATE_INFOPLIST_FILE = YES;
				INFOPLIST_FILE = MyAccounts/Info.plist;
				INFOPLIST_KEY_LSSupportsOpeningDocumentsInPlace = YES;
				INFOPLIST_KEY_UIApplicationSceneManifest_Generation = YES;
				INFOPLIST_KEY_UIApplicationSupportsIndirectInputEvents = YES;
				INFOPLIST_KEY_UILaunchScreen_Generation = YES;
				INFOPLIST_KEY_UISupportedInterfaceOrientations_iPad = "UIInterfaceOrientationPortrait UIInterfaceOrientationPortraitUpsideDown UIInterfaceOrientationLandscapeLeft UIInterfaceOrientationLandscapeRight";
				INFOPLIST_KEY_UISupportedInterfaceOrientations_iPhone = "UIInterfaceOrientationPortrait UIInterfaceOrientationLandscapeLeft UIInterfaceOrientationLandscapeRight";
				LD_RUNPATH_SEARCH_PATHS = (
					"$(inherited)",
					"@executable_path/Frameworks",
				);
				MARKETING_VERSION = 1.0;
				PRODUCT_BUNDLE_IDENTIFIER = com.acmpo6ou.myaccounts.MyAccounts;
				PRODUCT_NAME = "$(TARGET_NAME)";
				SWIFT_EMIT_LOC_STRINGS = YES;
				SWIFT_VERSION = 5.0;
				TARGETED_DEVICE_FAMILY = "1,2";
			};
			name = Debug;
		};
		D2AB93672A4BF465004334BB /* Release */ = {
			isa = XCBuildConfiguration;
			baseConfigurationReference = 925479D2B79F745289A48628 /* Pods-MyAccounts.release.xcconfig */;
			buildSettings = {
				ASSETCATALOG_COMPILER_APPICON_NAME = AppIcon;
				ASSETCATALOG_COMPILER_GLOBAL_ACCENT_COLOR_NAME = AccentColor;
				CODE_SIGN_ENTITLEMENTS = MyAccounts/MyAccounts.entitlements;
				CODE_SIGN_STYLE = Automatic;
				CURRENT_PROJECT_VERSION = 1;
				DEVELOPMENT_ASSET_PATHS = "\"MyAccounts/Preview Content\"";
				DEVELOPMENT_TEAM = URTVUTC478;
				ENABLE_PREVIEWS = YES;
				GENERATE_INFOPLIST_FILE = YES;
				INFOPLIST_FILE = MyAccounts/Info.plist;
				INFOPLIST_KEY_LSSupportsOpeningDocumentsInPlace = YES;
				INFOPLIST_KEY_UIApplicationSceneManifest_Generation = YES;
				INFOPLIST_KEY_UIApplicationSupportsIndirectInputEvents = YES;
				INFOPLIST_KEY_UILaunchScreen_Generation = YES;
				INFOPLIST_KEY_UISupportedInterfaceOrientations_iPad = "UIInterfaceOrientationPortrait UIInterfaceOrientationPortraitUpsideDown UIInterfaceOrientationLandscapeLeft UIInterfaceOrientationLandscapeRight";
				INFOPLIST_KEY_UISupportedInterfaceOrientations_iPhone = "UIInterfaceOrientationPortrait UIInterfaceOrientationLandscapeLeft UIInterfaceOrientationLandscapeRight";
				LD_RUNPATH_SEARCH_PATHS = (
					"$(inherited)",
					"@executable_path/Frameworks",
				);
				MARKETING_VERSION = 1.0;
				PRODUCT_BUNDLE_IDENTIFIER = com.acmpo6ou.myaccounts.MyAccounts;
				PRODUCT_NAME = "$(TARGET_NAME)";
				SWIFT_EMIT_LOC_STRINGS = YES;
				SWIFT_VERSION = 5.0;
				TARGETED_DEVICE_FAMILY = "1,2";
			};
			name = Release;
		};
		D2AB93692A4BF465004334BB /* Debug */ = {
			isa = XCBuildConfiguration;
			baseConfigurationReference = 2C473CD1278393EB2ACC2CCD /* Pods-MyAccountsTests.debug.xcconfig */;
			buildSettings = {
				BUNDLE_LOADER = "$(TEST_HOST)";
				CODE_SIGN_STYLE = Automatic;
				CURRENT_PROJECT_VERSION = 1;
				DEVELOPMENT_TEAM = URTVUTC478;
				GENERATE_INFOPLIST_FILE = YES;
				IPHONEOS_DEPLOYMENT_TARGET = 16.4;
				MARKETING_VERSION = 1.0;
				PRODUCT_BUNDLE_IDENTIFIER = com.acmpo6ou.myaccounts.MyAccountsTests;
				PRODUCT_NAME = "$(TARGET_NAME)";
				SWIFT_EMIT_LOC_STRINGS = NO;
				SWIFT_VERSION = 5.0;
				TARGETED_DEVICE_FAMILY = "1,2";
				TEST_HOST = "$(BUILT_PRODUCTS_DIR)/MyAccounts.app/$(BUNDLE_EXECUTABLE_FOLDER_PATH)/MyAccounts";
			};
			name = Debug;
		};
		D2AB936A2A4BF465004334BB /* Release */ = {
			isa = XCBuildConfiguration;
			baseConfigurationReference = CF15A37F20ED868354A8FFA8 /* Pods-MyAccountsTests.release.xcconfig */;
			buildSettings = {
				BUNDLE_LOADER = "$(TEST_HOST)";
				CODE_SIGN_STYLE = Automatic;
				CURRENT_PROJECT_VERSION = 1;
				DEVELOPMENT_TEAM = URTVUTC478;
				GENERATE_INFOPLIST_FILE = YES;
				IPHONEOS_DEPLOYMENT_TARGET = 16.4;
				MARKETING_VERSION = 1.0;
				PRODUCT_BUNDLE_IDENTIFIER = com.acmpo6ou.myaccounts.MyAccountsTests;
				PRODUCT_NAME = "$(TARGET_NAME)";
				SWIFT_EMIT_LOC_STRINGS = NO;
				SWIFT_VERSION = 5.0;
				TARGETED_DEVICE_FAMILY = "1,2";
				TEST_HOST = "$(BUILT_PRODUCTS_DIR)/MyAccounts.app/$(BUNDLE_EXECUTABLE_FOLDER_PATH)/MyAccounts";
			};
			name = Release;
		};
		D2AB936C2A4BF465004334BB /* Debug */ = {
			isa = XCBuildConfiguration;
			baseConfigurationReference = 2D07B68272F3B3C55F777F1E /* Pods-MyAccounts-MyAccountsUITests.debug.xcconfig */;
			buildSettings = {
				CODE_SIGN_STYLE = Automatic;
				CURRENT_PROJECT_VERSION = 1;
				DEVELOPMENT_TEAM = URTVUTC478;
				GENERATE_INFOPLIST_FILE = YES;
				MARKETING_VERSION = 1.0;
				PRODUCT_BUNDLE_IDENTIFIER = com.acmpo6ou.myaccounts.MyAccountsUITests;
				PRODUCT_NAME = "$(TARGET_NAME)";
				SWIFT_EMIT_LOC_STRINGS = NO;
				SWIFT_VERSION = 5.0;
				TARGETED_DEVICE_FAMILY = "1,2";
				TEST_TARGET_NAME = MyAccounts;
			};
			name = Debug;
		};
		D2AB936D2A4BF465004334BB /* Release */ = {
			isa = XCBuildConfiguration;
			baseConfigurationReference = DF03D0DB1DE1791614D9DAEC /* Pods-MyAccounts-MyAccountsUITests.release.xcconfig */;
			buildSettings = {
				CODE_SIGN_STYLE = Automatic;
				CURRENT_PROJECT_VERSION = 1;
				DEVELOPMENT_TEAM = URTVUTC478;
				GENERATE_INFOPLIST_FILE = YES;
				MARKETING_VERSION = 1.0;
				PRODUCT_BUNDLE_IDENTIFIER = com.acmpo6ou.myaccounts.MyAccountsUITests;
				PRODUCT_NAME = "$(TARGET_NAME)";
				SWIFT_EMIT_LOC_STRINGS = NO;
				SWIFT_VERSION = 5.0;
				TARGETED_DEVICE_FAMILY = "1,2";
				TEST_TARGET_NAME = MyAccounts;
			};
			name = Release;
		};
/* End XCBuildConfiguration section */

/* Begin XCConfigurationList section */
		D2935AB72A72811300FB5936 /* Build configuration list for PBXNativeTarget "MyAccountsBoard" */ = {
			isa = XCConfigurationList;
			buildConfigurations = (
				D2935AB52A72811300FB5936 /* Debug */,
				D2935AB62A72811300FB5936 /* Release */,
			);
			defaultConfigurationIsVisible = 0;
			defaultConfigurationName = Release;
		};
		D2AB933C2A4BF464004334BB /* Build configuration list for PBXProject "MyAccounts" */ = {
			isa = XCConfigurationList;
			buildConfigurations = (
				D2AB93632A4BF465004334BB /* Debug */,
				D2AB93642A4BF465004334BB /* Release */,
			);
			defaultConfigurationIsVisible = 0;
			defaultConfigurationName = Release;
		};
		D2AB93652A4BF465004334BB /* Build configuration list for PBXNativeTarget "MyAccounts" */ = {
			isa = XCConfigurationList;
			buildConfigurations = (
				D2AB93662A4BF465004334BB /* Debug */,
				D2AB93672A4BF465004334BB /* Release */,
			);
			defaultConfigurationIsVisible = 0;
			defaultConfigurationName = Release;
		};
		D2AB93682A4BF465004334BB /* Build configuration list for PBXNativeTarget "MyAccountsTests" */ = {
			isa = XCConfigurationList;
			buildConfigurations = (
				D2AB93692A4BF465004334BB /* Debug */,
				D2AB936A2A4BF465004334BB /* Release */,
			);
			defaultConfigurationIsVisible = 0;
			defaultConfigurationName = Release;
		};
		D2AB936B2A4BF465004334BB /* Build configuration list for PBXNativeTarget "MyAccountsUITests" */ = {
			isa = XCConfigurationList;
			buildConfigurations = (
				D2AB936C2A4BF465004334BB /* Debug */,
				D2AB936D2A4BF465004334BB /* Release */,
			);
			defaultConfigurationIsVisible = 0;
			defaultConfigurationName = Release;
		};
/* End XCConfigurationList section */
	};
	rootObject = D2AB93392A4BF464004334BB /* Project object */;
}
